// !$*UTF8*$!
{
	archiveVersion = 1;
	classes = {
	};
	objectVersion = 46;
	objects = {

/* Begin PBXBuildFile section */
		2C14F374167D1C7000D474D0 /* ArangoIntroductionController.m in Sources */ = {isa = PBXBuildFile; fileRef = 2C14F371167D1C6E00D474D0 /* ArangoIntroductionController.m */; };
		2C29AF0A1668EE8100036073 /* Arango-10.6-Info.plist in Resources */ = {isa = PBXBuildFile; fileRef = 8A9499DD1609E44400A0ABA7 /* Arango-10.6-Info.plist */; };
		2C29AF0B1668EE8500036073 /* Arango-10.7-Info.plist in Resources */ = {isa = PBXBuildFile; fileRef = 8A9499BB1609E40200A0ABA7 /* Arango-10.7-Info.plist */; };
		2C29AF0C1668EE8900036073 /* Arango-10.8-Info.plist in Resources */ = {isa = PBXBuildFile; fileRef = 8A539DBB15ECEE6500A267B6 /* Arango-10.8-Info.plist */; };
		2C29AF111668F97800036073 /* ArangoIntroductionView.xib in Resources */ = {isa = PBXBuildFile; fileRef = 2C29AF101668F97800036073 /* ArangoIntroductionView.xib */; };
		2C29AF121668F97800036073 /* ArangoIntroductionView.xib in Resources */ = {isa = PBXBuildFile; fileRef = 2C29AF101668F97800036073 /* ArangoIntroductionView.xib */; };
		2C29AF131668F97800036073 /* ArangoIntroductionView.xib in Resources */ = {isa = PBXBuildFile; fileRef = 2C29AF101668F97800036073 /* ArangoIntroductionView.xib */; };
		2C29AF141668F97800036073 /* ArangoIntroductionView.xib in Resources */ = {isa = PBXBuildFile; fileRef = 2C29AF101668F97800036073 /* ArangoIntroductionView.xib */; };
		2C29AF171668FA2100036073 /* ArangoHelpController.m in Sources */ = {isa = PBXBuildFile; fileRef = 2C29AF161668FA2100036073 /* ArangoHelpController.m */; };
		2C29AF181668FA2100036073 /* ArangoHelpController.m in Sources */ = {isa = PBXBuildFile; fileRef = 2C29AF161668FA2100036073 /* ArangoHelpController.m */; };
		2C29AF191668FA2100036073 /* ArangoHelpController.m in Sources */ = {isa = PBXBuildFile; fileRef = 2C29AF161668FA2100036073 /* ArangoHelpController.m */; };
		2C29AF1A1668FA2100036073 /* ArangoHelpController.m in Sources */ = {isa = PBXBuildFile; fileRef = 2C29AF161668FA2100036073 /* ArangoHelpController.m */; };
		2C76DAB9167A26D200505954 /* ArangoHelpView.xib in Resources */ = {isa = PBXBuildFile; fileRef = 2C76DAB8167A26D200505954 /* ArangoHelpView.xib */; };
		2C76DABA167A26D200505954 /* ArangoHelpView.xib in Resources */ = {isa = PBXBuildFile; fileRef = 2C76DAB8167A26D200505954 /* ArangoHelpView.xib */; };
		2C76DABB167A26D200505954 /* ArangoHelpView.xib in Resources */ = {isa = PBXBuildFile; fileRef = 2C76DAB8167A26D200505954 /* ArangoHelpView.xib */; };
		2C76DABC167A26D200505954 /* ArangoHelpView.xib in Resources */ = {isa = PBXBuildFile; fileRef = 2C76DAB8167A26D200505954 /* ArangoHelpView.xib */; };
		2C76DABE167A3BC900505954 /* ArangoUserConfigController.m in Sources */ = {isa = PBXBuildFile; fileRef = 2C76DABD167A3BC800505954 /* ArangoUserConfigController.m */; };
		2C76DABF167A3BC900505954 /* ArangoUserConfigController.m in Sources */ = {isa = PBXBuildFile; fileRef = 2C76DABD167A3BC800505954 /* ArangoUserConfigController.m */; };
		2C76DAC0167A3BC900505954 /* ArangoUserConfigController.m in Sources */ = {isa = PBXBuildFile; fileRef = 2C76DABD167A3BC800505954 /* ArangoUserConfigController.m */; };
		2C76DAC1167A3BC900505954 /* ArangoUserConfigController.m in Sources */ = {isa = PBXBuildFile; fileRef = 2C76DABD167A3BC800505954 /* ArangoUserConfigController.m */; };
		2C91EB901673A2F10007EFC0 /* ArangoBaseController.m in Sources */ = {isa = PBXBuildFile; fileRef = 2C91EB8F1673A2F10007EFC0 /* ArangoBaseController.m */; };
		2C91EB911673A2F10007EFC0 /* ArangoBaseController.m in Sources */ = {isa = PBXBuildFile; fileRef = 2C91EB8F1673A2F10007EFC0 /* ArangoBaseController.m */; };
		2C91EB921673A2F10007EFC0 /* ArangoBaseController.m in Sources */ = {isa = PBXBuildFile; fileRef = 2C91EB8F1673A2F10007EFC0 /* ArangoBaseController.m */; };
		2C91EB931673A2F10007EFC0 /* ArangoBaseController.m in Sources */ = {isa = PBXBuildFile; fileRef = 2C91EB8F1673A2F10007EFC0 /* ArangoBaseController.m */; };
		2C91EB971673A4910007EFC0 /* ArangoManager.m in Sources */ = {isa = PBXBuildFile; fileRef = 2C91EB961673A4910007EFC0 /* ArangoManager.m */; };
		2C91EB981673A4910007EFC0 /* ArangoManager.m in Sources */ = {isa = PBXBuildFile; fileRef = 2C91EB961673A4910007EFC0 /* ArangoManager.m */; };
		2C91EB991673A4910007EFC0 /* ArangoManager.m in Sources */ = {isa = PBXBuildFile; fileRef = 2C91EB961673A4910007EFC0 /* ArangoManager.m */; };
		2C91EB9A1673A4910007EFC0 /* ArangoManager.m in Sources */ = {isa = PBXBuildFile; fileRef = 2C91EB961673A4910007EFC0 /* ArangoManager.m */; };
		2CE35791167777C200F2EA64 /* ArangoStatus.m in Sources */ = {isa = PBXBuildFile; fileRef = 2CE35790167777C200F2EA64 /* ArangoStatus.m */; };
		2CE35792167777C200F2EA64 /* ArangoStatus.m in Sources */ = {isa = PBXBuildFile; fileRef = 2CE35790167777C200F2EA64 /* ArangoStatus.m */; };
		2CE35793167777C200F2EA64 /* ArangoStatus.m in Sources */ = {isa = PBXBuildFile; fileRef = 2CE35790167777C200F2EA64 /* ArangoStatus.m */; };
		2CE35794167777C200F2EA64 /* ArangoStatus.m in Sources */ = {isa = PBXBuildFile; fileRef = 2CE35790167777C200F2EA64 /* ArangoStatus.m */; };
		8A293B4415F5EC58008959B1 /* arangod.conf in Resources */ = {isa = PBXBuildFile; fileRef = 8A293B4315F5EC58008959B1 /* arangod.conf */; };
		8A293B4F15F5FD1A008959B1 /* IconColor.png in Resources */ = {isa = PBXBuildFile; fileRef = 8A293B4E15F5FD1A008959B1 /* IconColor.png */; };
		8A293B5215F619B4008959B1 /* html in Resources */ = {isa = PBXBuildFile; fileRef = 8A293B5015F619B4008959B1 /* html */; };
		8A293B5315F619B4008959B1 /* js in Resources */ = {isa = PBXBuildFile; fileRef = 8A293B5115F619B4008959B1 /* js */; };
		8A293B5C15F64C28008959B1 /* ArangoNewInstanceController.m in Sources */ = {isa = PBXBuildFile; fileRef = 8A293B5A15F64C27008959B1 /* ArangoNewInstanceController.m */; };
		8A293B5D15F64C28008959B1 /* ArangoNewInstanceView.xib in Resources */ = {isa = PBXBuildFile; fileRef = 8A293B5B15F64C27008959B1 /* ArangoNewInstanceView.xib */; };
		8A4E63261609F8C70001D66F /* ArangoNewInstanceView.xib in Resources */ = {isa = PBXBuildFile; fileRef = 8A293B5B15F64C27008959B1 /* ArangoNewInstanceView.xib */; };
		8A4E63271609F8C70001D66F /* ArangoUserConfigView.xib in Resources */ = {isa = PBXBuildFile; fileRef = 8A94996D16071D3700A0ABA7 /* ArangoUserConfigView.xib */; };
		8A4E6330160A12E60001D66F /* arangod_10_6 in Resources */ = {isa = PBXBuildFile; fileRef = 8A4E632F160A12E60001D66F /* arangod_10_6 */; };
		8A4E6357160C5EB70001D66F /* main.m in Sources */ = {isa = PBXBuildFile; fileRef = 8A539DBF15ECEE6500A267B6 /* main.m */; };
		8A4E6358160C5EB70001D66F /* arangoAppDelegate.m in Sources */ = {isa = PBXBuildFile; fileRef = 8A539DC615ECEE6500A267B6 /* arangoAppDelegate.m */; };
		8A4E6359160C5EB70001D66F /* ArangoNewInstanceController.m in Sources */ = {isa = PBXBuildFile; fileRef = 8A293B5A15F64C27008959B1 /* ArangoNewInstanceController.m */; };
		8A4E635A160C5EB70001D66F /* ArangoToolbarMenu.m in Sources */ = {isa = PBXBuildFile; fileRef = 8A94992F15F88BF000A0ABA7 /* ArangoToolbarMenu.m */; };
		8A4E635B160C5EB70001D66F /* configurationModel.xcdatamodeld in Sources */ = {isa = PBXBuildFile; fileRef = 8A94993A15F8B9BF00A0ABA7 /* configurationModel.xcdatamodeld */; };
		8A4E635D160C5EB70001D66F /* User.m in Sources */ = {isa = PBXBuildFile; fileRef = 8A9499691607159C00A0ABA7 /* User.m */; };
		8A4E6360160C5EB70001D66F /* Foundation.framework in Frameworks */ = {isa = PBXBuildFile; fileRef = 8A539DB815ECEE6500A267B6 /* Foundation.framework */; };
		8A4E6361160C5EB70001D66F /* Cocoa.framework in Frameworks */ = {isa = PBXBuildFile; fileRef = 8A539DB315ECEE6500A267B6 /* Cocoa.framework */; };
		8A4E6363160C5EB70001D66F /* arangod_10_7 in Resources */ = {isa = PBXBuildFile; fileRef = 8A9499761609DAD500A0ABA7 /* arangod_10_7 */; };
		8A4E6364160C5EB70001D66F /* arangod_10_8 in Resources */ = {isa = PBXBuildFile; fileRef = 8A9499771609DAD500A0ABA7 /* arangod_10_8 */; };
		8A4E6365160C5EB70001D66F /* ArangoNewInstanceView.xib in Resources */ = {isa = PBXBuildFile; fileRef = 8A293B5B15F64C27008959B1 /* ArangoNewInstanceView.xib */; };
		8A4E6366160C5EB70001D66F /* ArangoUserConfigView.xib in Resources */ = {isa = PBXBuildFile; fileRef = 8A94996D16071D3700A0ABA7 /* ArangoUserConfigView.xib */; };
		8A4E6367160C5EB70001D66F /* InfoPlist.strings in Resources */ = {isa = PBXBuildFile; fileRef = 8A539DBC15ECEE6500A267B6 /* InfoPlist.strings */; };
		8A4E6368160C5EB70001D66F /* Credits.rtf in Resources */ = {isa = PBXBuildFile; fileRef = 8A539DC215ECEE6500A267B6 /* Credits.rtf */; };
		8A4E6369160C5EB70001D66F /* MainMenu.xib in Resources */ = {isa = PBXBuildFile; fileRef = 8A539DC815ECEE6500A267B6 /* MainMenu.xib */; };
		8A4E636A160C5EB70001D66F /* arangod.conf in Resources */ = {isa = PBXBuildFile; fileRef = 8A293B4315F5EC58008959B1 /* arangod.conf */; };
		8A4E636B160C5EB70001D66F /* IconColor.png in Resources */ = {isa = PBXBuildFile; fileRef = 8A293B4E15F5FD1A008959B1 /* IconColor.png */; };
		8A4E636C160C5EB70001D66F /* html in Resources */ = {isa = PBXBuildFile; fileRef = 8A293B5015F619B4008959B1 /* html */; };
		8A4E636D160C5EB70001D66F /* js in Resources */ = {isa = PBXBuildFile; fileRef = 8A293B5115F619B4008959B1 /* js */; };
		8A4E636E160C5EB70001D66F /* icon.icns in Resources */ = {isa = PBXBuildFile; fileRef = 8A949952160072B500A0ABA7 /* icon.icns */; };
		8A4E636F160C5EB70001D66F /* IconGrey.png in Resources */ = {isa = PBXBuildFile; fileRef = 8A9499541600752100A0ABA7 /* IconGrey.png */; };
		8A4E6370160C5EB70001D66F /* Logo.png in Resources */ = {isa = PBXBuildFile; fileRef = 8A9499701607214A00A0ABA7 /* Logo.png */; };
		8A4E6371160C5EB70001D66F /* arangod_10_6 in Resources */ = {isa = PBXBuildFile; fileRef = 8A4E632F160A12E60001D66F /* arangod_10_6 */; };
		8A4E6381160C85380001D66F /* ArangoConfiguration.m in Sources */ = {isa = PBXBuildFile; fileRef = 8A4E6380160C85380001D66F /* ArangoConfiguration.m */; };
		8A4E6382160C85380001D66F /* ArangoConfiguration.m in Sources */ = {isa = PBXBuildFile; fileRef = 8A4E6380160C85380001D66F /* ArangoConfiguration.m */; };
		8A4E6383160C85380001D66F /* ArangoConfiguration.m in Sources */ = {isa = PBXBuildFile; fileRef = 8A4E6380160C85380001D66F /* ArangoConfiguration.m */; };
		8A4E6384160C85380001D66F /* ArangoConfiguration.m in Sources */ = {isa = PBXBuildFile; fileRef = 8A4E6380160C85380001D66F /* ArangoConfiguration.m */; };
		8A4E638D160CA9D30001D66F /* Bookmarks.m in Sources */ = {isa = PBXBuildFile; fileRef = 8A4E638C160CA9D30001D66F /* Bookmarks.m */; };
		8A4E638E160CA9D30001D66F /* Bookmarks.m in Sources */ = {isa = PBXBuildFile; fileRef = 8A4E638C160CA9D30001D66F /* Bookmarks.m */; };
		8A4E638F160CA9D30001D66F /* Bookmarks.m in Sources */ = {isa = PBXBuildFile; fileRef = 8A4E638C160CA9D30001D66F /* Bookmarks.m */; };
		8A4E6390160CA9D30001D66F /* Bookmarks.m in Sources */ = {isa = PBXBuildFile; fileRef = 8A4E638C160CA9D30001D66F /* Bookmarks.m */; };
		8A539DB415ECEE6500A267B6 /* Cocoa.framework in Frameworks */ = {isa = PBXBuildFile; fileRef = 8A539DB315ECEE6500A267B6 /* Cocoa.framework */; };
		8A539DBE15ECEE6500A267B6 /* InfoPlist.strings in Resources */ = {isa = PBXBuildFile; fileRef = 8A539DBC15ECEE6500A267B6 /* InfoPlist.strings */; };
		8A539DC015ECEE6500A267B6 /* main.m in Sources */ = {isa = PBXBuildFile; fileRef = 8A539DBF15ECEE6500A267B6 /* main.m */; };
		8A539DC415ECEE6500A267B6 /* Credits.rtf in Resources */ = {isa = PBXBuildFile; fileRef = 8A539DC215ECEE6500A267B6 /* Credits.rtf */; };
		8A539DC715ECEE6500A267B6 /* arangoAppDelegate.m in Sources */ = {isa = PBXBuildFile; fileRef = 8A539DC615ECEE6500A267B6 /* arangoAppDelegate.m */; };
		8A539DCA15ECEE6500A267B6 /* MainMenu.xib in Resources */ = {isa = PBXBuildFile; fileRef = 8A539DC815ECEE6500A267B6 /* MainMenu.xib */; };
		8A539DD015ED01B300A267B6 /* Foundation.framework in Frameworks */ = {isa = PBXBuildFile; fileRef = 8A539DB815ECEE6500A267B6 /* Foundation.framework */; };
		8A94993015F88BF000A0ABA7 /* ArangoToolbarMenu.m in Sources */ = {isa = PBXBuildFile; fileRef = 8A94992F15F88BF000A0ABA7 /* ArangoToolbarMenu.m */; };
		8A94993C15F8B9BF00A0ABA7 /* configurationModel.xcdatamodeld in Sources */ = {isa = PBXBuildFile; fileRef = 8A94993A15F8B9BF00A0ABA7 /* configurationModel.xcdatamodeld */; };
		8A949953160072B500A0ABA7 /* icon.icns in Resources */ = {isa = PBXBuildFile; fileRef = 8A949952160072B500A0ABA7 /* icon.icns */; };
		8A9499551600752100A0ABA7 /* IconGrey.png in Resources */ = {isa = PBXBuildFile; fileRef = 8A9499541600752100A0ABA7 /* IconGrey.png */; };
		8A94996A1607159C00A0ABA7 /* User.m in Sources */ = {isa = PBXBuildFile; fileRef = 8A9499691607159C00A0ABA7 /* User.m */; };
		8A94996F16071D3700A0ABA7 /* ArangoUserConfigView.xib in Resources */ = {isa = PBXBuildFile; fileRef = 8A94996D16071D3700A0ABA7 /* ArangoUserConfigView.xib */; };
		8A9499711607214A00A0ABA7 /* Logo.png in Resources */ = {isa = PBXBuildFile; fileRef = 8A9499701607214A00A0ABA7 /* Logo.png */; };
		8A9499791609DAD500A0ABA7 /* arangod_10_8 in Resources */ = {isa = PBXBuildFile; fileRef = 8A9499771609DAD500A0ABA7 /* arangod_10_8 */; };
		8A94999C1609E40000A0ABA7 /* main.m in Sources */ = {isa = PBXBuildFile; fileRef = 8A539DBF15ECEE6500A267B6 /* main.m */; };
		8A94999D1609E40000A0ABA7 /* arangoAppDelegate.m in Sources */ = {isa = PBXBuildFile; fileRef = 8A539DC615ECEE6500A267B6 /* arangoAppDelegate.m */; };
		8A94999E1609E40000A0ABA7 /* ArangoNewInstanceController.m in Sources */ = {isa = PBXBuildFile; fileRef = 8A293B5A15F64C27008959B1 /* ArangoNewInstanceController.m */; };
		8A94999F1609E40000A0ABA7 /* ArangoToolbarMenu.m in Sources */ = {isa = PBXBuildFile; fileRef = 8A94992F15F88BF000A0ABA7 /* ArangoToolbarMenu.m */; };
		8A9499A01609E40000A0ABA7 /* configurationModel.xcdatamodeld in Sources */ = {isa = PBXBuildFile; fileRef = 8A94993A15F8B9BF00A0ABA7 /* configurationModel.xcdatamodeld */; };
		8A9499A21609E40000A0ABA7 /* User.m in Sources */ = {isa = PBXBuildFile; fileRef = 8A9499691607159C00A0ABA7 /* User.m */; };
		8A9499A51609E40000A0ABA7 /* Foundation.framework in Frameworks */ = {isa = PBXBuildFile; fileRef = 8A539DB815ECEE6500A267B6 /* Foundation.framework */; };
		8A9499A61609E40000A0ABA7 /* Cocoa.framework in Frameworks */ = {isa = PBXBuildFile; fileRef = 8A539DB315ECEE6500A267B6 /* Cocoa.framework */; };
		8A9499A81609E40000A0ABA7 /* InfoPlist.strings in Resources */ = {isa = PBXBuildFile; fileRef = 8A539DBC15ECEE6500A267B6 /* InfoPlist.strings */; };
		8A9499A91609E40000A0ABA7 /* Credits.rtf in Resources */ = {isa = PBXBuildFile; fileRef = 8A539DC215ECEE6500A267B6 /* Credits.rtf */; };
		8A9499AA1609E40000A0ABA7 /* MainMenu.xib in Resources */ = {isa = PBXBuildFile; fileRef = 8A539DC815ECEE6500A267B6 /* MainMenu.xib */; };
		8A9499AB1609E40000A0ABA7 /* arangod.conf in Resources */ = {isa = PBXBuildFile; fileRef = 8A293B4315F5EC58008959B1 /* arangod.conf */; };
		8A9499AC1609E40000A0ABA7 /* IconColor.png in Resources */ = {isa = PBXBuildFile; fileRef = 8A293B4E15F5FD1A008959B1 /* IconColor.png */; };
		8A9499AD1609E40000A0ABA7 /* html in Resources */ = {isa = PBXBuildFile; fileRef = 8A293B5015F619B4008959B1 /* html */; };
		8A9499AE1609E40000A0ABA7 /* js in Resources */ = {isa = PBXBuildFile; fileRef = 8A293B5115F619B4008959B1 /* js */; };
		8A9499AF1609E40000A0ABA7 /* ArangoNewInstanceView.xib in Resources */ = {isa = PBXBuildFile; fileRef = 8A293B5B15F64C27008959B1 /* ArangoNewInstanceView.xib */; };
		8A9499B01609E40000A0ABA7 /* icon.icns in Resources */ = {isa = PBXBuildFile; fileRef = 8A949952160072B500A0ABA7 /* icon.icns */; };
		8A9499B11609E40000A0ABA7 /* IconGrey.png in Resources */ = {isa = PBXBuildFile; fileRef = 8A9499541600752100A0ABA7 /* IconGrey.png */; };
		8A9499B21609E40000A0ABA7 /* ArangoUserConfigView.xib in Resources */ = {isa = PBXBuildFile; fileRef = 8A94996D16071D3700A0ABA7 /* ArangoUserConfigView.xib */; };
		8A9499B31609E40000A0ABA7 /* Logo.png in Resources */ = {isa = PBXBuildFile; fileRef = 8A9499701607214A00A0ABA7 /* Logo.png */; };
		8A9499B41609E40000A0ABA7 /* arangod_10_7 in Resources */ = {isa = PBXBuildFile; fileRef = 8A9499761609DAD500A0ABA7 /* arangod_10_7 */; };
		8A9499BE1609E44300A0ABA7 /* main.m in Sources */ = {isa = PBXBuildFile; fileRef = 8A539DBF15ECEE6500A267B6 /* main.m */; };
		8A9499BF1609E44300A0ABA7 /* arangoAppDelegate.m in Sources */ = {isa = PBXBuildFile; fileRef = 8A539DC615ECEE6500A267B6 /* arangoAppDelegate.m */; };
		8A9499C01609E44300A0ABA7 /* ArangoNewInstanceController.m in Sources */ = {isa = PBXBuildFile; fileRef = 8A293B5A15F64C27008959B1 /* ArangoNewInstanceController.m */; };
		8A9499C11609E44300A0ABA7 /* ArangoToolbarMenu.m in Sources */ = {isa = PBXBuildFile; fileRef = 8A94992F15F88BF000A0ABA7 /* ArangoToolbarMenu.m */; };
		8A9499C21609E44300A0ABA7 /* configurationModel.xcdatamodeld in Sources */ = {isa = PBXBuildFile; fileRef = 8A94993A15F8B9BF00A0ABA7 /* configurationModel.xcdatamodeld */; };
		8A9499C41609E44300A0ABA7 /* User.m in Sources */ = {isa = PBXBuildFile; fileRef = 8A9499691607159C00A0ABA7 /* User.m */; };
		8A9499C71609E44300A0ABA7 /* Foundation.framework in Frameworks */ = {isa = PBXBuildFile; fileRef = 8A539DB815ECEE6500A267B6 /* Foundation.framework */; };
		8A9499C81609E44300A0ABA7 /* Cocoa.framework in Frameworks */ = {isa = PBXBuildFile; fileRef = 8A539DB315ECEE6500A267B6 /* Cocoa.framework */; };
		8A9499CA1609E44300A0ABA7 /* InfoPlist.strings in Resources */ = {isa = PBXBuildFile; fileRef = 8A539DBC15ECEE6500A267B6 /* InfoPlist.strings */; };
		8A9499CB1609E44300A0ABA7 /* Credits.rtf in Resources */ = {isa = PBXBuildFile; fileRef = 8A539DC215ECEE6500A267B6 /* Credits.rtf */; };
		8A9499CC1609E44300A0ABA7 /* MainMenu.xib in Resources */ = {isa = PBXBuildFile; fileRef = 8A539DC815ECEE6500A267B6 /* MainMenu.xib */; };
		8A9499CD1609E44300A0ABA7 /* arangod.conf in Resources */ = {isa = PBXBuildFile; fileRef = 8A293B4315F5EC58008959B1 /* arangod.conf */; };
		8A9499CE1609E44300A0ABA7 /* IconColor.png in Resources */ = {isa = PBXBuildFile; fileRef = 8A293B4E15F5FD1A008959B1 /* IconColor.png */; };
		8A9499CF1609E44300A0ABA7 /* html in Resources */ = {isa = PBXBuildFile; fileRef = 8A293B5015F619B4008959B1 /* html */; };
		8A9499D01609E44300A0ABA7 /* js in Resources */ = {isa = PBXBuildFile; fileRef = 8A293B5115F619B4008959B1 /* js */; };
		8A9499D21609E44300A0ABA7 /* icon.icns in Resources */ = {isa = PBXBuildFile; fileRef = 8A949952160072B500A0ABA7 /* icon.icns */; };
		8A9499D31609E44300A0ABA7 /* IconGrey.png in Resources */ = {isa = PBXBuildFile; fileRef = 8A9499541600752100A0ABA7 /* IconGrey.png */; };
		8A9499D51609E44300A0ABA7 /* Logo.png in Resources */ = {isa = PBXBuildFile; fileRef = 8A9499701607214A00A0ABA7 /* Logo.png */; };
		8AE2060016109E53003CF0AA /* arangod.entitlements in Resources */ = {isa = PBXBuildFile; fileRef = 8AE205FF16109E53003CF0AA /* arangod.entitlements */; };
		8AE2060116109E53003CF0AA /* arangod.entitlements in Resources */ = {isa = PBXBuildFile; fileRef = 8AE205FF16109E53003CF0AA /* arangod.entitlements */; };
		8AE2060216109E53003CF0AA /* arangod.entitlements in Resources */ = {isa = PBXBuildFile; fileRef = 8AE205FF16109E53003CF0AA /* arangod.entitlements */; };
		8AE2060316109E53003CF0AA /* arangod.entitlements in Resources */ = {isa = PBXBuildFile; fileRef = 8AE205FF16109E53003CF0AA /* arangod.entitlements */; };
/* End PBXBuildFile section */

/* Begin PBXFileReference section */
		2C14F371167D1C6E00D474D0 /* ArangoIntroductionController.m */ = {isa = PBXFileReference; fileEncoding = 4; lastKnownFileType = sourcecode.c.objc; path = ArangoIntroductionController.m; sourceTree = "<group>"; };
		2C14F372167D1C6E00D474D0 /* ArangoIntroductionController.h */ = {isa = PBXFileReference; fileEncoding = 4; lastKnownFileType = sourcecode.c.h; path = ArangoIntroductionController.h; sourceTree = "<group>"; };
		2C29AF101668F97800036073 /* ArangoIntroductionView.xib */ = {isa = PBXFileReference; fileEncoding = 4; lastKnownFileType = file.xib; path = ArangoIntroductionView.xib; sourceTree = "<group>"; };
		2C29AF151668FA1700036073 /* ArangoHelpController.h */ = {isa = PBXFileReference; fileEncoding = 4; lastKnownFileType = sourcecode.c.h; path = ArangoHelpController.h; sourceTree = "<group>"; };
		2C29AF161668FA2100036073 /* ArangoHelpController.m */ = {isa = PBXFileReference; fileEncoding = 4; lastKnownFileType = sourcecode.c.objc; path = ArangoHelpController.m; sourceTree = "<group>"; };
		2C76DAB8167A26D200505954 /* ArangoHelpView.xib */ = {isa = PBXFileReference; fileEncoding = 4; lastKnownFileType = file.xib; path = ArangoHelpView.xib; sourceTree = "<group>"; };
		2C76DABD167A3BC800505954 /* ArangoUserConfigController.m */ = {isa = PBXFileReference; fileEncoding = 4; lastKnownFileType = sourcecode.c.objc; path = ArangoUserConfigController.m; sourceTree = "<group>"; };
		2C856979167B6F79005FECCE /* ArangoNewInstanceController.h */ = {isa = PBXFileReference; fileEncoding = 4; lastKnownFileType = sourcecode.c.h; path = ArangoNewInstanceController.h; sourceTree = "<group>"; };
		2C91EB8E1673A2F10007EFC0 /* ArangoBaseController.h */ = {isa = PBXFileReference; fileEncoding = 4; lastKnownFileType = sourcecode.c.h; path = ArangoBaseController.h; sourceTree = "<group>"; };
		2C91EB8F1673A2F10007EFC0 /* ArangoBaseController.m */ = {isa = PBXFileReference; fileEncoding = 4; lastKnownFileType = sourcecode.c.objc; path = ArangoBaseController.m; sourceTree = "<group>"; };
		2C91EB951673A4910007EFC0 /* ArangoManager.h */ = {isa = PBXFileReference; fileEncoding = 4; lastKnownFileType = sourcecode.c.h; path = ArangoManager.h; sourceTree = "<group>"; };
		2C91EB961673A4910007EFC0 /* ArangoManager.m */ = {isa = PBXFileReference; fileEncoding = 4; lastKnownFileType = sourcecode.c.objc; path = ArangoManager.m; sourceTree = "<group>"; };
		2CE3578F167777C200F2EA64 /* ArangoStatus.h */ = {isa = PBXFileReference; fileEncoding = 4; lastKnownFileType = sourcecode.c.h; path = ArangoStatus.h; sourceTree = "<group>"; };
		2CE35790167777C200F2EA64 /* ArangoStatus.m */ = {isa = PBXFileReference; fileEncoding = 4; lastKnownFileType = sourcecode.c.objc; path = ArangoStatus.m; sourceTree = "<group>"; };
		8A293B4315F5EC58008959B1 /* arangod.conf */ = {isa = PBXFileReference; fileEncoding = 4; lastKnownFileType = text; path = arangod.conf; sourceTree = "<group>"; };
		8A293B4E15F5FD1A008959B1 /* IconColor.png */ = {isa = PBXFileReference; lastKnownFileType = image.png; path = IconColor.png; sourceTree = "<group>"; };
		8A293B5015F619B4008959B1 /* html */ = {isa = PBXFileReference; lastKnownFileType = folder; path = html; sourceTree = "<group>"; };
		8A293B5115F619B4008959B1 /* js */ = {isa = PBXFileReference; lastKnownFileType = folder; path = js; sourceTree = "<group>"; };
		8A293B5A15F64C27008959B1 /* ArangoNewInstanceController.m */ = {isa = PBXFileReference; fileEncoding = 4; lastKnownFileType = sourcecode.c.objc; path = ArangoNewInstanceController.m; sourceTree = "<group>"; };
		8A293B5B15F64C27008959B1 /* ArangoNewInstanceView.xib */ = {isa = PBXFileReference; fileEncoding = 4; lastKnownFileType = file.xib; path = ArangoNewInstanceView.xib; sourceTree = "<group>"; };
		8A4E632F160A12E60001D66F /* arangod_10_6 */ = {isa = PBXFileReference; lastKnownFileType = "compiled.mach-o.executable"; path = arangod_10_6; sourceTree = "<group>"; };
		8A4E6375160C5EB70001D66F /* Arango.app */ = {isa = PBXFileReference; explicitFileType = wrapper.application; includeInIndex = 0; path = Arango.app; sourceTree = BUILT_PRODUCTS_DIR; };
		8A4E6377160C5EB70001D66F /* Arango-Info.plist */ = {isa = PBXFileReference; lastKnownFileType = text.plist.xml; path = "Arango-Info.plist"; sourceTree = "<group>"; };
		8A4E6378160C720A0001D66F /* ArangoDB.entitlements */ = {isa = PBXFileReference; lastKnownFileType = text.xml; path = ArangoDB.entitlements; sourceTree = "<group>"; };
		8A4E637F160C85380001D66F /* ArangoConfiguration.h */ = {isa = PBXFileReference; fileEncoding = 4; lastKnownFileType = sourcecode.c.h; name = ArangoConfiguration.h; path = Configuration/ArangoConfiguration.h; sourceTree = "<group>"; };
		8A4E6380160C85380001D66F /* ArangoConfiguration.m */ = {isa = PBXFileReference; fileEncoding = 4; lastKnownFileType = sourcecode.c.objc; name = ArangoConfiguration.m; path = Configuration/ArangoConfiguration.m; sourceTree = "<group>"; };
		8A4E638B160CA9D30001D66F /* Bookmarks.h */ = {isa = PBXFileReference; fileEncoding = 4; lastKnownFileType = sourcecode.c.h; name = Bookmarks.h; path = Configuration/Bookmarks.h; sourceTree = "<group>"; };
		8A4E638C160CA9D30001D66F /* Bookmarks.m */ = {isa = PBXFileReference; fileEncoding = 4; lastKnownFileType = sourcecode.c.objc; name = Bookmarks.m; path = Configuration/Bookmarks.m; sourceTree = "<group>"; };
		8A539DAF15ECEE6500A267B6 /* Arango-10.8.app */ = {isa = PBXFileReference; explicitFileType = wrapper.application; includeInIndex = 0; path = "Arango-10.8.app"; sourceTree = BUILT_PRODUCTS_DIR; };
		8A539DB315ECEE6500A267B6 /* Cocoa.framework */ = {isa = PBXFileReference; lastKnownFileType = wrapper.framework; name = Cocoa.framework; path = System/Library/Frameworks/Cocoa.framework; sourceTree = SDKROOT; };
		8A539DB615ECEE6500A267B6 /* AppKit.framework */ = {isa = PBXFileReference; lastKnownFileType = wrapper.framework; name = AppKit.framework; path = System/Library/Frameworks/AppKit.framework; sourceTree = SDKROOT; };
		8A539DB715ECEE6500A267B6 /* CoreData.framework */ = {isa = PBXFileReference; lastKnownFileType = wrapper.framework; name = CoreData.framework; path = System/Library/Frameworks/CoreData.framework; sourceTree = SDKROOT; };
		8A539DB815ECEE6500A267B6 /* Foundation.framework */ = {isa = PBXFileReference; lastKnownFileType = wrapper.framework; name = Foundation.framework; path = System/Library/Frameworks/Foundation.framework; sourceTree = SDKROOT; };
		8A539DBB15ECEE6500A267B6 /* Arango-10.8-Info.plist */ = {isa = PBXFileReference; lastKnownFileType = text.plist.xml; path = "Arango-10.8-Info.plist"; sourceTree = "<group>"; };
		8A539DBD15ECEE6500A267B6 /* en */ = {isa = PBXFileReference; lastKnownFileType = text.plist.strings; name = en; path = en.lproj/InfoPlist.strings; sourceTree = "<group>"; };
		8A539DBF15ECEE6500A267B6 /* main.m */ = {isa = PBXFileReference; lastKnownFileType = sourcecode.c.objc; path = main.m; sourceTree = "<group>"; };
		8A539DC115ECEE6500A267B6 /* Arango-Prefix.pch */ = {isa = PBXFileReference; lastKnownFileType = sourcecode.c.h; path = "Arango-Prefix.pch"; sourceTree = "<group>"; };
		8A539DC315ECEE6500A267B6 /* en */ = {isa = PBXFileReference; lastKnownFileType = text.rtf; name = en; path = en.lproj/Credits.rtf; sourceTree = "<group>"; };
		8A539DC515ECEE6500A267B6 /* arangoAppDelegate.h */ = {isa = PBXFileReference; lastKnownFileType = sourcecode.c.h; path = arangoAppDelegate.h; sourceTree = "<group>"; };
		8A539DC615ECEE6500A267B6 /* arangoAppDelegate.m */ = {isa = PBXFileReference; lastKnownFileType = sourcecode.c.objc; path = arangoAppDelegate.m; sourceTree = "<group>"; };
		8A539DC915ECEE6500A267B6 /* en */ = {isa = PBXFileReference; lastKnownFileType = file.xib; name = en; path = en.lproj/MainMenu.xib; sourceTree = "<group>"; };
		8A94992E15F88BF000A0ABA7 /* ArangoToolbarMenu.h */ = {isa = PBXFileReference; fileEncoding = 4; lastKnownFileType = sourcecode.c.h; path = ArangoToolbarMenu.h; sourceTree = "<group>"; };
		8A94992F15F88BF000A0ABA7 /* ArangoToolbarMenu.m */ = {isa = PBXFileReference; fileEncoding = 4; lastKnownFileType = sourcecode.c.objc; path = ArangoToolbarMenu.m; sourceTree = "<group>"; };
		8A94993B15F8B9BF00A0ABA7 /* configurationModel.xcdatamodel */ = {isa = PBXFileReference; lastKnownFileType = wrapper.xcdatamodel; path = configurationModel.xcdatamodel; sourceTree = "<group>"; };
		8A949952160072B500A0ABA7 /* icon.icns */ = {isa = PBXFileReference; lastKnownFileType = image.icns; path = icon.icns; sourceTree = "<group>"; };
		8A9499541600752100A0ABA7 /* IconGrey.png */ = {isa = PBXFileReference; lastKnownFileType = image.png; path = IconGrey.png; sourceTree = "<group>"; };
		8A9499681607159B00A0ABA7 /* User.h */ = {isa = PBXFileReference; fileEncoding = 4; lastKnownFileType = sourcecode.c.h; name = User.h; path = Configuration/User.h; sourceTree = "<group>"; };
		8A9499691607159C00A0ABA7 /* User.m */ = {isa = PBXFileReference; fileEncoding = 4; lastKnownFileType = sourcecode.c.objc; name = User.m; path = Configuration/User.m; sourceTree = "<group>"; };
		8A94996B16071D3700A0ABA7 /* ArangoUserConfigController.h */ = {isa = PBXFileReference; fileEncoding = 4; lastKnownFileType = sourcecode.c.h; path = ArangoUserConfigController.h; sourceTree = "<group>"; };
		8A94996D16071D3700A0ABA7 /* ArangoUserConfigView.xib */ = {isa = PBXFileReference; fileEncoding = 4; lastKnownFileType = file.xib; path = ArangoUserConfigView.xib; sourceTree = "<group>"; };
		8A9499701607214A00A0ABA7 /* Logo.png */ = {isa = PBXFileReference; lastKnownFileType = image.png; path = Logo.png; sourceTree = "<group>"; };
		8A9499761609DAD500A0ABA7 /* arangod_10_7 */ = {isa = PBXFileReference; lastKnownFileType = "compiled.mach-o.executable"; path = arangod_10_7; sourceTree = "<group>"; };
		8A9499771609DAD500A0ABA7 /* arangod_10_8 */ = {isa = PBXFileReference; lastKnownFileType = "compiled.mach-o.executable"; path = arangod_10_8; sourceTree = "<group>"; };
		8A9499B91609E40000A0ABA7 /* Arango-10.7.app */ = {isa = PBXFileReference; explicitFileType = wrapper.application; includeInIndex = 0; path = "Arango-10.7.app"; sourceTree = BUILT_PRODUCTS_DIR; };
		8A9499BB1609E40200A0ABA7 /* Arango-10.7-Info.plist */ = {isa = PBXFileReference; lastKnownFileType = text.plist.xml; path = "Arango-10.7-Info.plist"; sourceTree = "<group>"; };
		8A9499DB1609E44300A0ABA7 /* Arango-10.6.app */ = {isa = PBXFileReference; explicitFileType = wrapper.application; includeInIndex = 0; path = "Arango-10.6.app"; sourceTree = BUILT_PRODUCTS_DIR; };
		8A9499DD1609E44400A0ABA7 /* Arango-10.6-Info.plist */ = {isa = PBXFileReference; lastKnownFileType = text.plist.xml; path = "Arango-10.6-Info.plist"; sourceTree = "<group>"; };
		8AE205FF16109E53003CF0AA /* arangod.entitlements */ = {isa = PBXFileReference; fileEncoding = 4; lastKnownFileType = text.xml; path = arangod.entitlements; sourceTree = "<group>"; };
/* End PBXFileReference section */

/* Begin PBXFrameworksBuildPhase section */
		8A4E635F160C5EB70001D66F /* Frameworks */ = {
			isa = PBXFrameworksBuildPhase;
			buildActionMask = 2147483647;
			files = (
				8A4E6360160C5EB70001D66F /* Foundation.framework in Frameworks */,
				8A4E6361160C5EB70001D66F /* Cocoa.framework in Frameworks */,
			);
			runOnlyForDeploymentPostprocessing = 0;
		};
		8A539DAC15ECEE6500A267B6 /* Frameworks */ = {
			isa = PBXFrameworksBuildPhase;
			buildActionMask = 2147483647;
			files = (
				8A539DD015ED01B300A267B6 /* Foundation.framework in Frameworks */,
				8A539DB415ECEE6500A267B6 /* Cocoa.framework in Frameworks */,
			);
			runOnlyForDeploymentPostprocessing = 0;
		};
		8A9499A41609E40000A0ABA7 /* Frameworks */ = {
			isa = PBXFrameworksBuildPhase;
			buildActionMask = 2147483647;
			files = (
				8A9499A51609E40000A0ABA7 /* Foundation.framework in Frameworks */,
				8A9499A61609E40000A0ABA7 /* Cocoa.framework in Frameworks */,
			);
			runOnlyForDeploymentPostprocessing = 0;
		};
		8A9499C61609E44300A0ABA7 /* Frameworks */ = {
			isa = PBXFrameworksBuildPhase;
			buildActionMask = 2147483647;
			files = (
				8A9499C71609E44300A0ABA7 /* Foundation.framework in Frameworks */,
				8A9499C81609E44300A0ABA7 /* Cocoa.framework in Frameworks */,
			);
			runOnlyForDeploymentPostprocessing = 0;
		};
/* End PBXFrameworksBuildPhase section */

/* Begin PBXGroup section */
		2C29AF091668E86C00036073 /* PropertyLists */ = {
			isa = PBXGroup;
			children = (
				8A9499DD1609E44400A0ABA7 /* Arango-10.6-Info.plist */,
				8A9499BB1609E40200A0ABA7 /* Arango-10.7-Info.plist */,
				8A539DBB15ECEE6500A267B6 /* Arango-10.8-Info.plist */,
				8A4E6377160C5EB70001D66F /* Arango-Info.plist */,
			);
			path = PropertyLists;
			sourceTree = "<group>";
		};
		2C29AF0E1668F0BD00036073 /* Source */ = {
			isa = PBXGroup;
			children = (
				2C14F371167D1C6E00D474D0 /* ArangoIntroductionController.m */,
				2C14F372167D1C6E00D474D0 /* ArangoIntroductionController.h */,
				8A539DC515ECEE6500A267B6 /* arangoAppDelegate.h */,
				8A539DC615ECEE6500A267B6 /* arangoAppDelegate.m */,
				2C91EB8E1673A2F10007EFC0 /* ArangoBaseController.h */,
				2C91EB8F1673A2F10007EFC0 /* ArangoBaseController.m */,
				2C29AF151668FA1700036073 /* ArangoHelpController.h */,
				2C29AF161668FA2100036073 /* ArangoHelpController.m */,
				2C91EB951673A4910007EFC0 /* ArangoManager.h */,
				2C91EB961673A4910007EFC0 /* ArangoManager.m */,
				2C856979167B6F79005FECCE /* ArangoNewInstanceController.h */,
				8A293B5A15F64C27008959B1 /* ArangoNewInstanceController.m */,
				2CE3578F167777C200F2EA64 /* ArangoStatus.h */,
				2CE35790167777C200F2EA64 /* ArangoStatus.m */,
				8A94992E15F88BF000A0ABA7 /* ArangoToolbarMenu.h */,
				8A94992F15F88BF000A0ABA7 /* ArangoToolbarMenu.m */,
				8A94996B16071D3700A0ABA7 /* ArangoUserConfigController.h */,
				2C76DABD167A3BC800505954 /* ArangoUserConfigController.m */,
				8A539DBF15ECEE6500A267B6 /* main.m */,
			);
			path = Source;
			sourceTree = "<group>";
		};
		2C29AF0F1668F24100036073 /* Configuration */ = {
			isa = PBXGroup;
			children = (
				8A94993A15F8B9BF00A0ABA7 /* configurationModel.xcdatamodeld */,
				8A4E637F160C85380001D66F /* ArangoConfiguration.h */,
				8A4E6380160C85380001D66F /* ArangoConfiguration.m */,
				8A4E638B160CA9D30001D66F /* Bookmarks.h */,
				8A4E638C160CA9D30001D66F /* Bookmarks.m */,
				8A9499681607159B00A0ABA7 /* User.h */,
				8A9499691607159C00A0ABA7 /* User.m */,
			);
			name = Configuration;
			sourceTree = "<group>";
		};
		8A293B3F15F5E23D008959B1 /* ArangoDBCore */ = {
			isa = PBXGroup;
			children = (
				8AE205FF16109E53003CF0AA /* arangod.entitlements */,
				8A4E632F160A12E60001D66F /* arangod_10_6 */,
				8A9499761609DAD500A0ABA7 /* arangod_10_7 */,
				8A9499771609DAD500A0ABA7 /* arangod_10_8 */,
				8A293B5015F619B4008959B1 /* html */,
				8A293B5115F619B4008959B1 /* js */,
				8A293B4315F5EC58008959B1 /* arangod.conf */,
			);
			path = ArangoDBCore;
			sourceTree = "<group>";
		};
		8A293B4B15F5F82A008959B1 /* Images */ = {
			isa = PBXGroup;
			children = (
				8A9499701607214A00A0ABA7 /* Logo.png */,
				8A293B4E15F5FD1A008959B1 /* IconColor.png */,
				8A9499541600752100A0ABA7 /* IconGrey.png */,
				8A949952160072B500A0ABA7 /* icon.icns */,
			);
			path = Images;
			sourceTree = SOURCE_ROOT;
		};
		8A539DA415ECEE6500A267B6 = {
			isa = PBXGroup;
			children = (
				8A539DB915ECEE6500A267B6 /* ArangoDBApp */,
				8A293B3F15F5E23D008959B1 /* ArangoDBCore */,
				8A293B4B15F5F82A008959B1 /* Images */,
				8A539DB215ECEE6500A267B6 /* Frameworks */,
				8A539DB015ECEE6500A267B6 /* Products */,
			);
			sourceTree = "<group>";
		};
		8A539DB015ECEE6500A267B6 /* Products */ = {
			isa = PBXGroup;
			children = (
				8A539DAF15ECEE6500A267B6 /* Arango-10.8.app */,
				8A9499B91609E40000A0ABA7 /* Arango-10.7.app */,
				8A9499DB1609E44300A0ABA7 /* Arango-10.6.app */,
				8A4E6375160C5EB70001D66F /* Arango.app */,
			);
			name = Products;
			sourceTree = "<group>";
		};
		8A539DB215ECEE6500A267B6 /* Frameworks */ = {
			isa = PBXGroup;
			children = (
				8A539DB315ECEE6500A267B6 /* Cocoa.framework */,
				8A539DB515ECEE6500A267B6 /* Other Frameworks */,
			);
			name = Frameworks;
			sourceTree = "<group>";
		};
		8A539DB515ECEE6500A267B6 /* Other Frameworks */ = {
			isa = PBXGroup;
			children = (
				8A539DB615ECEE6500A267B6 /* AppKit.framework */,
				8A539DB715ECEE6500A267B6 /* CoreData.framework */,
				8A539DB815ECEE6500A267B6 /* Foundation.framework */,
			);
			name = "Other Frameworks";
			sourceTree = "<group>";
		};
		8A539DB915ECEE6500A267B6 /* ArangoDBApp */ = {
			isa = PBXGroup;
			children = (
				8A4E6378160C720A0001D66F /* ArangoDB.entitlements */,
				2C29AF0F1668F24100036073 /* Configuration */,
				8A9499DE1609F3CE00A0ABA7 /* Interfaces */,
				2C29AF091668E86C00036073 /* PropertyLists */,
				2C29AF0E1668F0BD00036073 /* Source */,
				8A539DBA15ECEE6500A267B6 /* Supporting Files */,
			);
			path = ArangoDBApp;
			sourceTree = "<group>";
		};
		8A539DBA15ECEE6500A267B6 /* Supporting Files */ = {
			isa = PBXGroup;
			children = (
				8A539DC115ECEE6500A267B6 /* Arango-Prefix.pch */,
				8A539DC215ECEE6500A267B6 /* Credits.rtf */,
				8A539DBC15ECEE6500A267B6 /* InfoPlist.strings */,
			);
			name = "Supporting Files";
			sourceTree = "<group>";
		};
		8A9499DE1609F3CE00A0ABA7 /* Interfaces */ = {
			isa = PBXGroup;
			children = (
				8A293B5B15F64C27008959B1 /* ArangoNewInstanceView.xib */,
				2C76DAB8167A26D200505954 /* ArangoHelpView.xib */,
				2C29AF101668F97800036073 /* ArangoIntroductionView.xib */,
				8A94996D16071D3700A0ABA7 /* ArangoUserConfigView.xib */,
				8A539DC815ECEE6500A267B6 /* MainMenu.xib */,
			);
			path = Interfaces;
			sourceTree = "<group>";
		};
/* End PBXGroup section */

/* Begin PBXNativeTarget section */
		8A4E6355160C5EB70001D66F /* Arango */ = {
			isa = PBXNativeTarget;
			buildConfigurationList = 8A4E6372160C5EB70001D66F /* Build configuration list for PBXNativeTarget "Arango" */;
			buildPhases = (
				8A4E6356160C5EB70001D66F /* Sources */,
				8A4E635F160C5EB70001D66F /* Frameworks */,
				8A4E6362160C5EB70001D66F /* Resources */,
				8AE205FD1610990C003CF0AA /* ShellScript */,
			);
			buildRules = (
			);
			dependencies = (
			);
			name = Arango;
			productName = Arango;
			productReference = 8A4E6375160C5EB70001D66F /* Arango.app */;
			productType = "com.apple.product-type.application";
		};
		8A539DAE15ECEE6500A267B6 /* Arango-10.8 */ = {
			isa = PBXNativeTarget;
			buildConfigurationList = 8A539DCD15ECEE6500A267B6 /* Build configuration list for PBXNativeTarget "Arango-10.8" */;
			buildPhases = (
				8A539DAB15ECEE6500A267B6 /* Sources */,
				8A539DAC15ECEE6500A267B6 /* Frameworks */,
				8A539DAD15ECEE6500A267B6 /* Resources */,
			);
			buildRules = (
			);
			dependencies = (
			);
			name = "Arango-10.8";
			productName = Arango;
			productReference = 8A539DAF15ECEE6500A267B6 /* Arango-10.8.app */;
			productType = "com.apple.product-type.application";
		};
		8A94999A1609E40000A0ABA7 /* Arango-10.7 */ = {
			isa = PBXNativeTarget;
			buildConfigurationList = 8A9499B61609E40000A0ABA7 /* Build configuration list for PBXNativeTarget "Arango-10.7" */;
			buildPhases = (
				8A94999B1609E40000A0ABA7 /* Sources */,
				8A9499A41609E40000A0ABA7 /* Frameworks */,
				8A9499A71609E40000A0ABA7 /* Resources */,
			);
			buildRules = (
			);
			dependencies = (
			);
			name = "Arango-10.7";
			productName = Arango;
			productReference = 8A9499B91609E40000A0ABA7 /* Arango-10.7.app */;
			productType = "com.apple.product-type.application";
		};
		8A9499BC1609E44300A0ABA7 /* Arango-10.6 */ = {
			isa = PBXNativeTarget;
			buildConfigurationList = 8A9499D81609E44300A0ABA7 /* Build configuration list for PBXNativeTarget "Arango-10.6" */;
			buildPhases = (
				8A9499BD1609E44300A0ABA7 /* Sources */,
				8A9499C61609E44300A0ABA7 /* Frameworks */,
				8A9499C91609E44300A0ABA7 /* Resources */,
			);
			buildRules = (
			);
			dependencies = (
			);
			name = "Arango-10.6";
			productName = Arango;
			productReference = 8A9499DB1609E44300A0ABA7 /* Arango-10.6.app */;
			productType = "com.apple.product-type.application";
		};
/* End PBXNativeTarget section */

/* Begin PBXProject section */
		8A539DA615ECEE6500A267B6 /* Project object */ = {
			isa = PBXProject;
			attributes = {
				CLASSPREFIX = arango;
				LastUpgradeCheck = 0440;
				ORGANIZATIONNAME = triAgens;
			};
			buildConfigurationList = 8A539DA915ECEE6500A267B6 /* Build configuration list for PBXProject "Arango" */;
			compatibilityVersion = "Xcode 3.2";
			developmentRegion = English;
			hasScannedForEncodings = 0;
			knownRegions = (
				en,
			);
			mainGroup = 8A539DA415ECEE6500A267B6;
			productRefGroup = 8A539DB015ECEE6500A267B6 /* Products */;
			projectDirPath = "";
			projectRoot = "";
			targets = (
				8A539DAE15ECEE6500A267B6 /* Arango-10.8 */,
				8A94999A1609E40000A0ABA7 /* Arango-10.7 */,
				8A9499BC1609E44300A0ABA7 /* Arango-10.6 */,
				8A4E6355160C5EB70001D66F /* Arango */,
			);
		};
/* End PBXProject section */

/* Begin PBXResourcesBuildPhase section */
		8A4E6362160C5EB70001D66F /* Resources */ = {
			isa = PBXResourcesBuildPhase;
			buildActionMask = 2147483647;
			files = (
				8A4E6365160C5EB70001D66F /* ArangoNewInstanceView.xib in Resources */,
				8A4E6366160C5EB70001D66F /* ArangoUserConfigView.xib in Resources */,
				8A4E6367160C5EB70001D66F /* InfoPlist.strings in Resources */,
				8A4E6368160C5EB70001D66F /* Credits.rtf in Resources */,
				8A4E6369160C5EB70001D66F /* MainMenu.xib in Resources */,
				8A4E636A160C5EB70001D66F /* arangod.conf in Resources */,
				8A4E636B160C5EB70001D66F /* IconColor.png in Resources */,
				8A4E636C160C5EB70001D66F /* html in Resources */,
				8A4E636D160C5EB70001D66F /* js in Resources */,
				8A4E636E160C5EB70001D66F /* icon.icns in Resources */,
				8A4E636F160C5EB70001D66F /* IconGrey.png in Resources */,
				8A4E6370160C5EB70001D66F /* Logo.png in Resources */,
				8A4E6371160C5EB70001D66F /* arangod_10_6 in Resources */,
				8A4E6363160C5EB70001D66F /* arangod_10_7 in Resources */,
				8A4E6364160C5EB70001D66F /* arangod_10_8 in Resources */,
				8AE2060316109E53003CF0AA /* arangod.entitlements in Resources */,
				2C29AF141668F97800036073 /* ArangoIntroductionView.xib in Resources */,
				2C76DABC167A26D200505954 /* ArangoHelpView.xib in Resources */,
			);
			runOnlyForDeploymentPostprocessing = 0;
		};
		8A539DAD15ECEE6500A267B6 /* Resources */ = {
			isa = PBXResourcesBuildPhase;
			buildActionMask = 2147483647;
			files = (
				8A539DBE15ECEE6500A267B6 /* InfoPlist.strings in Resources */,
				8A539DC415ECEE6500A267B6 /* Credits.rtf in Resources */,
				8A539DCA15ECEE6500A267B6 /* MainMenu.xib in Resources */,
				8A293B4415F5EC58008959B1 /* arangod.conf in Resources */,
				8A293B4F15F5FD1A008959B1 /* IconColor.png in Resources */,
				8A293B5215F619B4008959B1 /* html in Resources */,
				8A293B5315F619B4008959B1 /* js in Resources */,
				8A293B5D15F64C28008959B1 /* ArangoNewInstanceView.xib in Resources */,
				8A949953160072B500A0ABA7 /* icon.icns in Resources */,
				8A9499551600752100A0ABA7 /* IconGrey.png in Resources */,
				8A94996F16071D3700A0ABA7 /* ArangoUserConfigView.xib in Resources */,
				8A9499711607214A00A0ABA7 /* Logo.png in Resources */,
				8A9499791609DAD500A0ABA7 /* arangod_10_8 in Resources */,
				8AE2060016109E53003CF0AA /* arangod.entitlements in Resources */,
				2C29AF0C1668EE8900036073 /* Arango-10.8-Info.plist in Resources */,
				2C29AF111668F97800036073 /* ArangoIntroductionView.xib in Resources */,
				2C76DAB9167A26D200505954 /* ArangoHelpView.xib in Resources */,
			);
			runOnlyForDeploymentPostprocessing = 0;
		};
		8A9499A71609E40000A0ABA7 /* Resources */ = {
			isa = PBXResourcesBuildPhase;
			buildActionMask = 2147483647;
			files = (
				8A9499A81609E40000A0ABA7 /* InfoPlist.strings in Resources */,
				8A9499A91609E40000A0ABA7 /* Credits.rtf in Resources */,
				8A9499AA1609E40000A0ABA7 /* MainMenu.xib in Resources */,
				8A9499AB1609E40000A0ABA7 /* arangod.conf in Resources */,
				8A9499AC1609E40000A0ABA7 /* IconColor.png in Resources */,
				8A9499AD1609E40000A0ABA7 /* html in Resources */,
				8A9499AE1609E40000A0ABA7 /* js in Resources */,
				8A9499AF1609E40000A0ABA7 /* ArangoNewInstanceView.xib in Resources */,
				8A9499B01609E40000A0ABA7 /* icon.icns in Resources */,
				8A9499B11609E40000A0ABA7 /* IconGrey.png in Resources */,
				8A9499B21609E40000A0ABA7 /* ArangoUserConfigView.xib in Resources */,
				8A9499B31609E40000A0ABA7 /* Logo.png in Resources */,
				8A9499B41609E40000A0ABA7 /* arangod_10_7 in Resources */,
				8AE2060116109E53003CF0AA /* arangod.entitlements in Resources */,
				2C29AF0B1668EE8500036073 /* Arango-10.7-Info.plist in Resources */,
				2C29AF121668F97800036073 /* ArangoIntroductionView.xib in Resources */,
				2C76DABA167A26D200505954 /* ArangoHelpView.xib in Resources */,
			);
			runOnlyForDeploymentPostprocessing = 0;
		};
		8A9499C91609E44300A0ABA7 /* Resources */ = {
			isa = PBXResourcesBuildPhase;
			buildActionMask = 2147483647;
			files = (
				8A4E63261609F8C70001D66F /* ArangoNewInstanceView.xib in Resources */,
				8A4E63271609F8C70001D66F /* ArangoUserConfigView.xib in Resources */,
				8A9499CA1609E44300A0ABA7 /* InfoPlist.strings in Resources */,
				8A9499CB1609E44300A0ABA7 /* Credits.rtf in Resources */,
				8A9499CC1609E44300A0ABA7 /* MainMenu.xib in Resources */,
				8A9499CD1609E44300A0ABA7 /* arangod.conf in Resources */,
				8A9499CE1609E44300A0ABA7 /* IconColor.png in Resources */,
				8A9499CF1609E44300A0ABA7 /* html in Resources */,
				8A9499D01609E44300A0ABA7 /* js in Resources */,
				8A9499D21609E44300A0ABA7 /* icon.icns in Resources */,
				8A9499D31609E44300A0ABA7 /* IconGrey.png in Resources */,
				8A9499D51609E44300A0ABA7 /* Logo.png in Resources */,
				8A4E6330160A12E60001D66F /* arangod_10_6 in Resources */,
				8AE2060216109E53003CF0AA /* arangod.entitlements in Resources */,
				2C29AF0A1668EE8100036073 /* Arango-10.6-Info.plist in Resources */,
				2C29AF131668F97800036073 /* ArangoIntroductionView.xib in Resources */,
				2C76DABB167A26D200505954 /* ArangoHelpView.xib in Resources */,
			);
			runOnlyForDeploymentPostprocessing = 0;
		};
/* End PBXResourcesBuildPhase section */

/* Begin PBXShellScriptBuildPhase section */
		8AE205FD1610990C003CF0AA /* ShellScript */ = {
			isa = PBXShellScriptBuildPhase;
			buildActionMask = 2147483647;
			files = (
			);
			inputPaths = (
			);
			outputPaths = (
			);
			runOnlyForDeploymentPostprocessing = 0;
			shellPath = /bin/sh;
			shellScript = "codesign --entitlements ${SOURCE_ROOT}/Arango/arangod.entitlements -f -v -s \"3rd Party Mac Developer Application: triAGENS GmbH\" $TARGET_BUILD_DIR/$UNLOCALIZED_RESOURCES_FOLDER_PATH/arangod_10_6\ncodesign --entitlements ${SOURCE_ROOT}/Arango/arangod.entitlements -f -v -s \"3rd Party Mac Developer Application: triAGENS GmbH\" $TARGET_BUILD_DIR/$UNLOCALIZED_RESOURCES_FOLDER_PATH/arangod_10_7\ncodesign --entitlements ${SOURCE_ROOT}/Arango/arangod.entitlements -f -v -s \"3rd Party Mac Developer Application: triAGENS GmbH\" $TARGET_BUILD_DIR/$UNLOCALIZED_RESOURCES_FOLDER_PATH/arangod_10_8";
		};
/* End PBXShellScriptBuildPhase section */

/* Begin PBXSourcesBuildPhase section */
		8A4E6356160C5EB70001D66F /* Sources */ = {
			isa = PBXSourcesBuildPhase;
			buildActionMask = 2147483647;
			files = (
				8A4E6357160C5EB70001D66F /* main.m in Sources */,
				8A4E6358160C5EB70001D66F /* arangoAppDelegate.m in Sources */,
				8A4E6359160C5EB70001D66F /* ArangoNewInstanceController.m in Sources */,
				8A4E635A160C5EB70001D66F /* ArangoToolbarMenu.m in Sources */,
				8A4E635B160C5EB70001D66F /* configurationModel.xcdatamodeld in Sources */,
				8A4E635D160C5EB70001D66F /* User.m in Sources */,
				8A4E6384160C85380001D66F /* ArangoConfiguration.m in Sources */,
				8A4E6390160CA9D30001D66F /* Bookmarks.m in Sources */,
				2C29AF1A1668FA2100036073 /* ArangoHelpController.m in Sources */,
				2C91EB931673A2F10007EFC0 /* ArangoBaseController.m in Sources */,
				2C91EB9A1673A4910007EFC0 /* ArangoManager.m in Sources */,
				2CE35794167777C200F2EA64 /* ArangoStatus.m in Sources */,
				2C76DAC1167A3BC900505954 /* ArangoUserConfigController.m in Sources */,
			);
			runOnlyForDeploymentPostprocessing = 0;
		};
		8A539DAB15ECEE6500A267B6 /* Sources */ = {
			isa = PBXSourcesBuildPhase;
			buildActionMask = 2147483647;
			files = (
				8A539DC015ECEE6500A267B6 /* main.m in Sources */,
				8A539DC715ECEE6500A267B6 /* arangoAppDelegate.m in Sources */,
				8A293B5C15F64C28008959B1 /* ArangoNewInstanceController.m in Sources */,
				8A94993015F88BF000A0ABA7 /* ArangoToolbarMenu.m in Sources */,
				8A94993C15F8B9BF00A0ABA7 /* configurationModel.xcdatamodeld in Sources */,
				8A94996A1607159C00A0ABA7 /* User.m in Sources */,
				8A4E6381160C85380001D66F /* ArangoConfiguration.m in Sources */,
				8A4E638D160CA9D30001D66F /* Bookmarks.m in Sources */,
				2C29AF171668FA2100036073 /* ArangoHelpController.m in Sources */,
				2C91EB901673A2F10007EFC0 /* ArangoBaseController.m in Sources */,
				2C91EB971673A4910007EFC0 /* ArangoManager.m in Sources */,
				2CE35791167777C200F2EA64 /* ArangoStatus.m in Sources */,
				2C76DABE167A3BC900505954 /* ArangoUserConfigController.m in Sources */,
				2C14F374167D1C7000D474D0 /* ArangoIntroductionController.m in Sources */,
			);
			runOnlyForDeploymentPostprocessing = 0;
		};
		8A94999B1609E40000A0ABA7 /* Sources */ = {
			isa = PBXSourcesBuildPhase;
			buildActionMask = 2147483647;
			files = (
				8A94999C1609E40000A0ABA7 /* main.m in Sources */,
				8A94999D1609E40000A0ABA7 /* arangoAppDelegate.m in Sources */,
				8A94999E1609E40000A0ABA7 /* ArangoNewInstanceController.m in Sources */,
				8A94999F1609E40000A0ABA7 /* ArangoToolbarMenu.m in Sources */,
				8A9499A01609E40000A0ABA7 /* configurationModel.xcdatamodeld in Sources */,
				8A9499A21609E40000A0ABA7 /* User.m in Sources */,
				8A4E6382160C85380001D66F /* ArangoConfiguration.m in Sources */,
				8A4E638E160CA9D30001D66F /* Bookmarks.m in Sources */,
				2C29AF181668FA2100036073 /* ArangoHelpController.m in Sources */,
				2C91EB911673A2F10007EFC0 /* ArangoBaseController.m in Sources */,
				2C91EB981673A4910007EFC0 /* ArangoManager.m in Sources */,
				2CE35792167777C200F2EA64 /* ArangoStatus.m in Sources */,
				2C76DABF167A3BC900505954 /* ArangoUserConfigController.m in Sources */,
			);
			runOnlyForDeploymentPostprocessing = 0;
		};
		8A9499BD1609E44300A0ABA7 /* Sources */ = {
			isa = PBXSourcesBuildPhase;
			buildActionMask = 2147483647;
			files = (
				8A9499BE1609E44300A0ABA7 /* main.m in Sources */,
				8A9499BF1609E44300A0ABA7 /* arangoAppDelegate.m in Sources */,
				8A9499C01609E44300A0ABA7 /* ArangoNewInstanceController.m in Sources */,
				8A9499C11609E44300A0ABA7 /* ArangoToolbarMenu.m in Sources */,
				8A9499C21609E44300A0ABA7 /* configurationModel.xcdatamodeld in Sources */,
				8A9499C41609E44300A0ABA7 /* User.m in Sources */,
				8A4E6383160C85380001D66F /* ArangoConfiguration.m in Sources */,
				8A4E638F160CA9D30001D66F /* Bookmarks.m in Sources */,
				2C29AF191668FA2100036073 /* ArangoHelpController.m in Sources */,
				2C91EB921673A2F10007EFC0 /* ArangoBaseController.m in Sources */,
				2C91EB991673A4910007EFC0 /* ArangoManager.m in Sources */,
				2CE35793167777C200F2EA64 /* ArangoStatus.m in Sources */,
				2C76DAC0167A3BC900505954 /* ArangoUserConfigController.m in Sources */,
			);
			runOnlyForDeploymentPostprocessing = 0;
		};
/* End PBXSourcesBuildPhase section */

/* Begin PBXVariantGroup section */
		8A539DBC15ECEE6500A267B6 /* InfoPlist.strings */ = {
			isa = PBXVariantGroup;
			children = (
				8A539DBD15ECEE6500A267B6 /* en */,
			);
			name = InfoPlist.strings;
			sourceTree = "<group>";
		};
		8A539DC215ECEE6500A267B6 /* Credits.rtf */ = {
			isa = PBXVariantGroup;
			children = (
				8A539DC315ECEE6500A267B6 /* en */,
			);
			name = Credits.rtf;
			sourceTree = "<group>";
		};
		8A539DC815ECEE6500A267B6 /* MainMenu.xib */ = {
			isa = PBXVariantGroup;
			children = (
				8A539DC915ECEE6500A267B6 /* en */,
			);
			name = MainMenu.xib;
			path = ArangoDBApp;
			sourceTree = SOURCE_ROOT;
		};
/* End PBXVariantGroup section */

/* Begin XCBuildConfiguration section */
		8A4E6373160C5EB70001D66F /* Debug */ = {
			isa = XCBuildConfiguration;
			buildSettings = {
				CODE_SIGN_IDENTITY = "";
				INFOPLIST_FILE = "$(SRCROOT)/ArangoDBApp/PropertyLists/Arango-Info.plist";
				PRODUCT_NAME = Arango;
			};
			name = Debug;
		};
		8A4E6374160C5EB70001D66F /* Release */ = {
			isa = XCBuildConfiguration;
			buildSettings = {
				CODE_SIGN_IDENTITY = "";
				INFOPLIST_FILE = "$(SRCROOT)/ArangoDBApp/PropertyLists/Arango-Info.plist";
				PRODUCT_NAME = Arango;
			};
			name = Release;
		};
		8A539DCB15ECEE6500A267B6 /* Debug */ = {
			isa = XCBuildConfiguration;
			buildSettings = {
				ALWAYS_SEARCH_USER_PATHS = NO;
				ARCHS = "$(ARCHS_STANDARD_64_BIT)";
				CLANG_CXX_LANGUAGE_STANDARD = "gnu++0x";
				CLANG_ENABLE_OBJC_ARC = NO;
				CLANG_WARN__DUPLICATE_METHOD_MATCH = YES;
				CODE_SIGN_IDENTITY = "";
				COMBINE_HIDPI_IMAGES = YES;
				COPY_PHASE_STRIP = YES;
				GCC_C_LANGUAGE_STANDARD = gnu99;
				GCC_DYNAMIC_NO_PIC = NO;
				GCC_ENABLE_OBJC_EXCEPTIONS = YES;
				GCC_OPTIMIZATION_LEVEL = 0;
				GCC_PRECOMPILE_PREFIX_HEADER = YES;
				GCC_PREFIX_HEADER = "ArangoDBApp/Arango-Prefix.pch";
				GCC_PREPROCESSOR_DEFINITIONS = (
					"DEBUG=1",
					"$(inherited)",
				);
				GCC_SYMBOLS_PRIVATE_EXTERN = NO;
				GCC_WARN_64_TO_32_BIT_CONVERSION = YES;
				GCC_WARN_ABOUT_RETURN_TYPE = YES;
				GCC_WARN_UNINITIALIZED_AUTOS = YES;
				GCC_WARN_UNUSED_VARIABLE = YES;
				INSTALL_PATH = /Applications;
				MACOSX_DEPLOYMENT_TARGET = 10.8;
				ONLY_ACTIVE_ARCH = YES;
				SDKROOT = macosx;
				WRAPPER_EXTENSION = app;
			};
			name = Debug;
		};
		8A539DCC15ECEE6500A267B6 /* Release */ = {
			isa = XCBuildConfiguration;
			buildSettings = {
				ALWAYS_SEARCH_USER_PATHS = NO;
				ARCHS = "$(ARCHS_STANDARD_64_BIT)";
				CLANG_CXX_LANGUAGE_STANDARD = "gnu++0x";
				CLANG_ENABLE_OBJC_ARC = NO;
				CLANG_WARN__DUPLICATE_METHOD_MATCH = YES;
				CODE_SIGN_IDENTITY = "";
				COMBINE_HIDPI_IMAGES = YES;
				COPY_PHASE_STRIP = YES;
				DEBUG_INFORMATION_FORMAT = "dwarf-with-dsym";
				GCC_C_LANGUAGE_STANDARD = gnu99;
				GCC_ENABLE_OBJC_EXCEPTIONS = YES;
				GCC_PRECOMPILE_PREFIX_HEADER = YES;
				GCC_PREFIX_HEADER = "ArangoDBApp/Arango-Prefix.pch";
				GCC_WARN_64_TO_32_BIT_CONVERSION = YES;
				GCC_WARN_ABOUT_RETURN_TYPE = YES;
				GCC_WARN_UNINITIALIZED_AUTOS = YES;
				GCC_WARN_UNUSED_VARIABLE = YES;
				INSTALL_PATH = /Applications;
				MACOSX_DEPLOYMENT_TARGET = 10.8;
				SDKROOT = macosx;
				WRAPPER_EXTENSION = app;
			};
			name = Release;
		};
		8A539DCE15ECEE6500A267B6 /* Debug */ = {
			isa = XCBuildConfiguration;
			buildSettings = {
				CODE_SIGN_ENTITLEMENTS = ArangoDBApp/ArangoDB.entitlements;
				CODE_SIGN_IDENTITY = "Mac Developer";
				INFOPLIST_FILE = "$(SRCROOT)/ArangoDBApp/PropertyLists/Arango-10.8-Info.plist";
				MACOSX_DEPLOYMENT_TARGET = 10.8;
				PRODUCT_NAME = "$(TARGET_NAME)";
			};
			name = Debug;
		};
		8A539DCF15ECEE6500A267B6 /* Release */ = {
			isa = XCBuildConfiguration;
			buildSettings = {
				CODE_SIGN_ENTITLEMENTS = ArangoDBApp/ArangoDB.entitlements;
				CODE_SIGN_IDENTITY = "Mac Developer";
				INFOPLIST_FILE = "$(SRCROOT)/ArangoDBApp/PropertyLists/Arango-10.8-Info.plist";
				MACOSX_DEPLOYMENT_TARGET = 10.8;
				PRODUCT_NAME = "$(TARGET_NAME)";
			};
			name = Release;
		};
		8A9499B71609E40000A0ABA7 /* Debug */ = {
			isa = XCBuildConfiguration;
			buildSettings = {
				CODE_SIGN_ENTITLEMENTS = ArangoDBApp/ArangoDB.entitlements;
				CODE_SIGN_IDENTITY = "Mac Developer";
				INFOPLIST_FILE = "$(SRCROOT)/ArangoDBApp/PropertyLists/Arango-10.7-Info.plist";
				MACOSX_DEPLOYMENT_TARGET = 10.7;
				PRODUCT_NAME = "Arango-10.7";
			};
			name = Debug;
		};
		8A9499B81609E40000A0ABA7 /* Release */ = {
			isa = XCBuildConfiguration;
			buildSettings = {
				CODE_SIGN_ENTITLEMENTS = ArangoDBApp/ArangoDB.entitlements;
				CODE_SIGN_IDENTITY = "Mac Developer";
				INFOPLIST_FILE = "$(SRCROOT)/ArangoDBApp/PropertyLists/Arango-10.7-Info.plist";
				MACOSX_DEPLOYMENT_TARGET = 10.7;
				PRODUCT_NAME = "Arango-10.7";
			};
			name = Release;
		};
		8A9499D91609E44300A0ABA7 /* Debug */ = {
			isa = XCBuildConfiguration;
			buildSettings = {
				CODE_SIGN_ENTITLEMENTS = ArangoDBApp/ArangoDB.entitlements;
				CODE_SIGN_IDENTITY = "Mac Developer";
				INFOPLIST_FILE = "$(SRCROOT)/ArangoDBApp/PropertyLists/Arango-10.6-Info.plist";
				MACOSX_DEPLOYMENT_TARGET = 10.6;
				PRODUCT_NAME = "Arango-10.6";
			};
			name = Debug;
		};
		8A9499DA1609E44300A0ABA7 /* Release */ = {
			isa = XCBuildConfiguration;
			buildSettings = {
				CODE_SIGN_ENTITLEMENTS = ArangoDBApp/ArangoDB.entitlements;
				CODE_SIGN_IDENTITY = "Mac Developer";
				INFOPLIST_FILE = "$(SRCROOT)/ArangoDBApp/PropertyLists/Arango-10.6-Info.plist";
				MACOSX_DEPLOYMENT_TARGET = 10.6;
				PRODUCT_NAME = "Arango-10.6";
			};
			name = Release;
		};
/* End XCBuildConfiguration section */

/* Begin XCConfigurationList section */
		8A4E6372160C5EB70001D66F /* Build configuration list for PBXNativeTarget "Arango" */ = {
			isa = XCConfigurationList;
			buildConfigurations = (
				8A4E6373160C5EB70001D66F /* Debug */,
				8A4E6374160C5EB70001D66F /* Release */,
			);
			defaultConfigurationIsVisible = 0;
			defaultConfigurationName = Release;
		};
		8A539DA915ECEE6500A267B6 /* Build configuration list for PBXProject "Arango" */ = {
			isa = XCConfigurationList;
			buildConfigurations = (
				8A539DCB15ECEE6500A267B6 /* Debug */,
				8A539DCC15ECEE6500A267B6 /* Release */,
			);
			defaultConfigurationIsVisible = 0;
			defaultConfigurationName = Release;
		};
		8A539DCD15ECEE6500A267B6 /* Build configuration list for PBXNativeTarget "Arango-10.8" */ = {
			isa = XCConfigurationList;
			buildConfigurations = (
				8A539DCE15ECEE6500A267B6 /* Debug */,
				8A539DCF15ECEE6500A267B6 /* Release */,
			);
			defaultConfigurationIsVisible = 0;
			defaultConfigurationName = Release;
		};
		8A9499B61609E40000A0ABA7 /* Build configuration list for PBXNativeTarget "Arango-10.7" */ = {
			isa = XCConfigurationList;
			buildConfigurations = (
				8A9499B71609E40000A0ABA7 /* Debug */,
				8A9499B81609E40000A0ABA7 /* Release */,
			);
			defaultConfigurationIsVisible = 0;
			defaultConfigurationName = Release;
		};
		8A9499D81609E44300A0ABA7 /* Build configuration list for PBXNativeTarget "Arango-10.6" */ = {
			isa = XCConfigurationList;
			buildConfigurations = (
				8A9499D91609E44300A0ABA7 /* Debug */,
				8A9499DA1609E44300A0ABA7 /* Release */,
			);
			defaultConfigurationIsVisible = 0;
			defaultConfigurationName = Release;
		};
/* End XCConfigurationList section */

/* Begin XCVersionGroup section */
		8A94993A15F8B9BF00A0ABA7 /* configurationModel.xcdatamodeld */ = {
			isa = XCVersionGroup;
			children = (
				8A94993B15F8B9BF00A0ABA7 /* configurationModel.xcdatamodel */,
			);
			currentVersion = 8A94993B15F8B9BF00A0ABA7 /* configurationModel.xcdatamodel */;
			path = configurationModel.xcdatamodeld;
			sourceTree = "<group>";
			versionGroupType = wrapper.xcdatamodel;
		};
/* End XCVersionGroup section */
	};
	rootObject = 8A539DA615ECEE6500A267B6 /* Project object */;
}
