// !$*UTF8*$!
{
	archiveVersion = 1;
	classes = {
	};
	objectVersion = 46;
	objects = {

/* Begin PBXBuildFile section */
		2C14F374167D1C7000D474D0 /* ArangoIntroductionController.m in Sources */ = {isa = PBXBuildFile; fileRef = 2C14F371167D1C6E00D474D0 /* ArangoIntroductionController.m */; };
		2C15486C18948277000F8950 /* etc in CopyFiles */ = {isa = PBXBuildFile; fileRef = 2C79EDC518358C6000DB4CD6 /* etc */; };
		2C15486D18948287000F8950 /* share in CopyFiles */ = {isa = PBXBuildFile; fileRef = 2C79EDC718358C6000DB4CD6 /* share */; };
		2C15486E1894829A000F8950 /* var in CopyFiles */ = {isa = PBXBuildFile; fileRef = 2C79EDC818358C6000DB4CD6 /* var */; };
		2C15486F18950812000F8950 /* bin in CopyFiles */ = {isa = PBXBuildFile; fileRef = 2C79EDC418358C6000DB4CD6 /* bin */; };
		2C1548701895081F000F8950 /* sbin in CopyFiles */ = {isa = PBXBuildFile; fileRef = 2C79EDC618358C6000DB4CD6 /* sbin */; };
		2C1A33EF183586D4005DA0DE /* arango-dfdb in Resources */ = {isa = PBXBuildFile; fileRef = 2C1A33E6183586D4005DA0DE /* arango-dfdb */; };
		2C1A33F0183586D4005DA0DE /* arangob in Resources */ = {isa = PBXBuildFile; fileRef = 2C1A33E7183586D4005DA0DE /* arangob */; };
		2C1A33F1183586D4005DA0DE /* arangod in Resources */ = {isa = PBXBuildFile; fileRef = 2C1A33E8183586D4005DA0DE /* arangod */; };
		2C1A33F2183586D4005DA0DE /* arangodump in Resources */ = {isa = PBXBuildFile; fileRef = 2C1A33E9183586D4005DA0DE /* arangodump */; };
		2C1A33F3183586D4005DA0DE /* arangoimp in Resources */ = {isa = PBXBuildFile; fileRef = 2C1A33EA183586D4005DA0DE /* arangoimp */; };
		2C1A33F4183586D4005DA0DE /* arangoirb in Resources */ = {isa = PBXBuildFile; fileRef = 2C1A33EB183586D4005DA0DE /* arangoirb */; };
		2C1A33F5183586D4005DA0DE /* arangorestore in Resources */ = {isa = PBXBuildFile; fileRef = 2C1A33EC183586D4005DA0DE /* arangorestore */; };
		2C1A33F6183586D4005DA0DE /* arangosh in Resources */ = {isa = PBXBuildFile; fileRef = 2C1A33ED183586D4005DA0DE /* arangosh */; };
		2C1A33F7183586D4005DA0DE /* foxx-manager in Resources */ = {isa = PBXBuildFile; fileRef = 2C1A33EE183586D4005DA0DE /* foxx-manager */; };
		2C1A33F8183586EE005DA0DE /* arango-dfdb in CopyFiles */ = {isa = PBXBuildFile; fileRef = 2C1A33E6183586D4005DA0DE /* arango-dfdb */; };
		2C1A33F9183586EE005DA0DE /* arangob in CopyFiles */ = {isa = PBXBuildFile; fileRef = 2C1A33E7183586D4005DA0DE /* arangob */; };
		2C1A33FA183586EE005DA0DE /* arangod in CopyFiles */ = {isa = PBXBuildFile; fileRef = 2C1A33E8183586D4005DA0DE /* arangod */; };
		2C1A33FB183586EE005DA0DE /* arangodump in CopyFiles */ = {isa = PBXBuildFile; fileRef = 2C1A33E9183586D4005DA0DE /* arangodump */; };
		2C1A33FC183586EE005DA0DE /* arangoimp in CopyFiles */ = {isa = PBXBuildFile; fileRef = 2C1A33EA183586D4005DA0DE /* arangoimp */; };
		2C1A33FD183586EE005DA0DE /* arangoirb in CopyFiles */ = {isa = PBXBuildFile; fileRef = 2C1A33EB183586D4005DA0DE /* arangoirb */; };
		2C1A33FE183586EE005DA0DE /* arangorestore in CopyFiles */ = {isa = PBXBuildFile; fileRef = 2C1A33EC183586D4005DA0DE /* arangorestore */; };
		2C1A33FF183586EE005DA0DE /* arangosh in CopyFiles */ = {isa = PBXBuildFile; fileRef = 2C1A33ED183586D4005DA0DE /* arangosh */; };
		2C1A3400183586EE005DA0DE /* foxx-manager in CopyFiles */ = {isa = PBXBuildFile; fileRef = 2C1A33EE183586D4005DA0DE /* foxx-manager */; };
		2C21DBE11680C65800728A04 /* ArangoAppDelegate.m in Sources */ = {isa = PBXBuildFile; fileRef = 2C21DBE01680C65800728A04 /* ArangoAppDelegate.m */; };
		2C29AF111668F97800036073 /* ArangoIntroductionView.xib in Resources */ = {isa = PBXBuildFile; fileRef = 2C29AF101668F97800036073 /* ArangoIntroductionView.xib */; };
		2C29AF171668FA2100036073 /* ArangoHelpController.m in Sources */ = {isa = PBXBuildFile; fileRef = 2C29AF161668FA2100036073 /* ArangoHelpController.m */; };
		2C33CF431895337700190F2D /* arango-dfdb in CopyFiles */ = {isa = PBXBuildFile; fileRef = 2C1A33E6183586D4005DA0DE /* arango-dfdb */; };
		2C33CF441895337700190F2D /* arangob in CopyFiles */ = {isa = PBXBuildFile; fileRef = 2C1A33E7183586D4005DA0DE /* arangob */; };
		2C33CF451895337700190F2D /* arangod in CopyFiles */ = {isa = PBXBuildFile; fileRef = 2C1A33E8183586D4005DA0DE /* arangod */; };
		2C33CF461895337700190F2D /* arangodump in CopyFiles */ = {isa = PBXBuildFile; fileRef = 2C1A33E9183586D4005DA0DE /* arangodump */; };
		2C33CF471895337700190F2D /* arangoimp in CopyFiles */ = {isa = PBXBuildFile; fileRef = 2C1A33EA183586D4005DA0DE /* arangoimp */; };
		2C33CF481895337700190F2D /* arangoirb in CopyFiles */ = {isa = PBXBuildFile; fileRef = 2C1A33EB183586D4005DA0DE /* arangoirb */; };
		2C33CF491895337700190F2D /* arangorestore in CopyFiles */ = {isa = PBXBuildFile; fileRef = 2C1A33EC183586D4005DA0DE /* arangorestore */; };
		2C33CF4A1895337700190F2D /* arangosh in CopyFiles */ = {isa = PBXBuildFile; fileRef = 2C1A33ED183586D4005DA0DE /* arangosh */; };
		2C33CF4B1895337700190F2D /* foxx-manager in CopyFiles */ = {isa = PBXBuildFile; fileRef = 2C1A33EE183586D4005DA0DE /* foxx-manager */; };
		2C33CF4D1895343A00190F2D /* bin in CopyFiles */ = {isa = PBXBuildFile; fileRef = 2C79EDC418358C6000DB4CD6 /* bin */; };
		2C33CF4E1895343A00190F2D /* etc in CopyFiles */ = {isa = PBXBuildFile; fileRef = 2C79EDC518358C6000DB4CD6 /* etc */; };
		2C33CF4F1895343A00190F2D /* sbin in CopyFiles */ = {isa = PBXBuildFile; fileRef = 2C79EDC618358C6000DB4CD6 /* sbin */; };
		2C33CF501895343A00190F2D /* share in CopyFiles */ = {isa = PBXBuildFile; fileRef = 2C79EDC718358C6000DB4CD6 /* share */; };
		2C33CF511895343A00190F2D /* var in CopyFiles */ = {isa = PBXBuildFile; fileRef = 2C79EDC818358C6000DB4CD6 /* var */; };
		2C3B9462183398F4009BBBF4 /* arangod.entitlements in Resources */ = {isa = PBXBuildFile; fileRef = 2C3B9461183398F4009BBBF4 /* arangod.entitlements */; };
		2C76DAB9167A26D200505954 /* ArangoHelpView.xib in Resources */ = {isa = PBXBuildFile; fileRef = 2C76DAB8167A26D200505954 /* ArangoHelpView.xib */; };
		2C76DABE167A3BC900505954 /* ArangoUserConfigController.m in Sources */ = {isa = PBXBuildFile; fileRef = 2C76DABD167A3BC800505954 /* ArangoUserConfigController.m */; };
		2C79EDC918358C6000DB4CD6 /* bin in Resources */ = {isa = PBXBuildFile; fileRef = 2C79EDC418358C6000DB4CD6 /* bin */; };
		2C79EDCA18358C6000DB4CD6 /* etc in Resources */ = {isa = PBXBuildFile; fileRef = 2C79EDC518358C6000DB4CD6 /* etc */; };
		2C79EDCB18358C6000DB4CD6 /* sbin in Resources */ = {isa = PBXBuildFile; fileRef = 2C79EDC618358C6000DB4CD6 /* sbin */; };
		2C79EDCC18358C6000DB4CD6 /* share in Resources */ = {isa = PBXBuildFile; fileRef = 2C79EDC718358C6000DB4CD6 /* share */; };
		2C79EDCD18358C6000DB4CD6 /* var in Resources */ = {isa = PBXBuildFile; fileRef = 2C79EDC818358C6000DB4CD6 /* var */; };
		2C79EDCF18358C7500DB4CD6 /* sbin in CopyFiles */ = {isa = PBXBuildFile; fileRef = 2C79EDC618358C6000DB4CD6 /* sbin */; };
		2C79EDD418358C9F00DB4CD6 /* sbin in CopyFiles */ = {isa = PBXBuildFile; fileRef = 2C79EDC618358C6000DB4CD6 /* sbin */; };
		2C91EB901673A2F10007EFC0 /* ArangoBaseController.m in Sources */ = {isa = PBXBuildFile; fileRef = 2C91EB8F1673A2F10007EFC0 /* ArangoBaseController.m */; };
		2C91EB971673A4910007EFC0 /* ArangoManager.m in Sources */ = {isa = PBXBuildFile; fileRef = 2C91EB961673A4910007EFC0 /* ArangoManager.m */; };
		2CA9A86A183578A0006D0322 /* main.m in Sources */ = {isa = PBXBuildFile; fileRef = 8A539DBF15ECEE6500A267B6 /* main.m */; };
		2CA9A86B183578A0006D0322 /* ArangoInstanceController.m in Sources */ = {isa = PBXBuildFile; fileRef = 8A293B5A15F64C27008959B1 /* ArangoInstanceController.m */; };
		2CA9A86C183578A0006D0322 /* ArangoToolbarMenu.m in Sources */ = {isa = PBXBuildFile; fileRef = 8A94992F15F88BF000A0ABA7 /* ArangoToolbarMenu.m */; };
		2CA9A86D183578A0006D0322 /* configurationModel.xcdatamodeld in Sources */ = {isa = PBXBuildFile; fileRef = 8A94993A15F8B9BF00A0ABA7 /* configurationModel.xcdatamodeld */; };
		2CA9A86E183578A0006D0322 /* User.m in Sources */ = {isa = PBXBuildFile; fileRef = 8A9499691607159C00A0ABA7 /* User.m */; };
		2CA9A86F183578A0006D0322 /* ArangoConfiguration.m in Sources */ = {isa = PBXBuildFile; fileRef = 8A4E6380160C85380001D66F /* ArangoConfiguration.m */; };
		2CA9A870183578A0006D0322 /* Bookmarks.m in Sources */ = {isa = PBXBuildFile; fileRef = 8A4E638C160CA9D30001D66F /* Bookmarks.m */; };
		2CA9A871183578A0006D0322 /* ArangoHelpController.m in Sources */ = {isa = PBXBuildFile; fileRef = 2C29AF161668FA2100036073 /* ArangoHelpController.m */; };
		2CA9A872183578A0006D0322 /* ArangoBaseController.m in Sources */ = {isa = PBXBuildFile; fileRef = 2C91EB8F1673A2F10007EFC0 /* ArangoBaseController.m */; };
		2CA9A873183578A0006D0322 /* ArangoManager.m in Sources */ = {isa = PBXBuildFile; fileRef = 2C91EB961673A4910007EFC0 /* ArangoManager.m */; };
		2CA9A874183578A0006D0322 /* ArangoStatus.m in Sources */ = {isa = PBXBuildFile; fileRef = 2CE35790167777C200F2EA64 /* ArangoStatus.m */; };
		2CA9A875183578A0006D0322 /* ArangoUserConfigController.m in Sources */ = {isa = PBXBuildFile; fileRef = 2C76DABD167A3BC800505954 /* ArangoUserConfigController.m */; };
		2CA9A876183578A0006D0322 /* ArangoIntroductionController.m in Sources */ = {isa = PBXBuildFile; fileRef = 2C14F371167D1C6E00D474D0 /* ArangoIntroductionController.m */; };
		2CA9A877183578A0006D0322 /* ArangoAppDelegate.m in Sources */ = {isa = PBXBuildFile; fileRef = 2C21DBE01680C65800728A04 /* ArangoAppDelegate.m */; };
		2CA9A878183578A0006D0322 /* ArangoUpgradeInfoController.m in Sources */ = {isa = PBXBuildFile; fileRef = 8AF4A63A17438C9800447481 /* ArangoUpgradeInfoController.m */; };
		2CA9A87A183578A0006D0322 /* Foundation.framework in Frameworks */ = {isa = PBXBuildFile; fileRef = 8A539DB815ECEE6500A267B6 /* Foundation.framework */; };
		2CA9A87B183578A0006D0322 /* Cocoa.framework in Frameworks */ = {isa = PBXBuildFile; fileRef = 8A539DB315ECEE6500A267B6 /* Cocoa.framework */; };
		2CA9A87D183578A0006D0322 /* InfoPlist.strings in Resources */ = {isa = PBXBuildFile; fileRef = 8A539DBC15ECEE6500A267B6 /* InfoPlist.strings */; };
		2CA9A87E183578A0006D0322 /* Credits.rtf in Resources */ = {isa = PBXBuildFile; fileRef = 8A539DC215ECEE6500A267B6 /* Credits.rtf */; };
		2CA9A87F183578A0006D0322 /* ArangoHelpView.xib in Resources */ = {isa = PBXBuildFile; fileRef = 2C76DAB8167A26D200505954 /* ArangoHelpView.xib */; };
		2CA9A880183578A0006D0322 /* ArangoIntroductionView.xib in Resources */ = {isa = PBXBuildFile; fileRef = 2C29AF101668F97800036073 /* ArangoIntroductionView.xib */; };
		2CA9A881183578A0006D0322 /* ArangoUserConfigView.xib in Resources */ = {isa = PBXBuildFile; fileRef = 8A94996D16071D3700A0ABA7 /* ArangoUserConfigView.xib */; };
		2CA9A882183578A0006D0322 /* ArangoNewInstanceView.xib in Resources */ = {isa = PBXBuildFile; fileRef = 8A293B5B15F64C27008959B1 /* ArangoNewInstanceView.xib */; };
		2CA9A883183578A0006D0322 /* MainMenu.xib in Resources */ = {isa = PBXBuildFile; fileRef = 8A539DC815ECEE6500A267B6 /* MainMenu.xib */; };
		2CA9A884183578A0006D0322 /* icon.icns in Resources */ = {isa = PBXBuildFile; fileRef = 8A949952160072B500A0ABA7 /* icon.icns */; };
		2CA9A885183578A0006D0322 /* IconColor.png in Resources */ = {isa = PBXBuildFile; fileRef = 8A293B4E15F5FD1A008959B1 /* IconColor.png */; };
		2CA9A886183578A0006D0322 /* IconGrey.png in Resources */ = {isa = PBXBuildFile; fileRef = 8A9499541600752100A0ABA7 /* IconGrey.png */; };
		2CA9A887183578A0006D0322 /* arangod.entitlements in Resources */ = {isa = PBXBuildFile; fileRef = 2C3B9461183398F4009BBBF4 /* arangod.entitlements */; };
		2CA9A888183578A0006D0322 /* Logo.png in Resources */ = {isa = PBXBuildFile; fileRef = 8A9499701607214A00A0ABA7 /* Logo.png */; };
		2CA9A889183578A0006D0322 /* ArangoUpgradeInfoView.xib in Resources */ = {isa = PBXBuildFile; fileRef = 8AF4A63B17438C9800447481 /* ArangoUpgradeInfoView.xib */; };
		2CE35791167777C200F2EA64 /* ArangoStatus.m in Sources */ = {isa = PBXBuildFile; fileRef = 2CE35790167777C200F2EA64 /* ArangoStatus.m */; };
		8A293B4F15F5FD1A008959B1 /* IconColor.png in Resources */ = {isa = PBXBuildFile; fileRef = 8A293B4E15F5FD1A008959B1 /* IconColor.png */; };
		8A293B5C15F64C28008959B1 /* ArangoInstanceController.m in Sources */ = {isa = PBXBuildFile; fileRef = 8A293B5A15F64C27008959B1 /* ArangoInstanceController.m */; };
		8A293B5D15F64C28008959B1 /* ArangoNewInstanceView.xib in Resources */ = {isa = PBXBuildFile; fileRef = 8A293B5B15F64C27008959B1 /* ArangoNewInstanceView.xib */; };
		8A4E6381160C85380001D66F /* ArangoConfiguration.m in Sources */ = {isa = PBXBuildFile; fileRef = 8A4E6380160C85380001D66F /* ArangoConfiguration.m */; };
		8A4E638D160CA9D30001D66F /* Bookmarks.m in Sources */ = {isa = PBXBuildFile; fileRef = 8A4E638C160CA9D30001D66F /* Bookmarks.m */; };
		8A539DB415ECEE6500A267B6 /* Cocoa.framework in Frameworks */ = {isa = PBXBuildFile; fileRef = 8A539DB315ECEE6500A267B6 /* Cocoa.framework */; };
		8A539DBE15ECEE6500A267B6 /* InfoPlist.strings in Resources */ = {isa = PBXBuildFile; fileRef = 8A539DBC15ECEE6500A267B6 /* InfoPlist.strings */; };
		8A539DC015ECEE6500A267B6 /* main.m in Sources */ = {isa = PBXBuildFile; fileRef = 8A539DBF15ECEE6500A267B6 /* main.m */; };
		8A539DC415ECEE6500A267B6 /* Credits.rtf in Resources */ = {isa = PBXBuildFile; fileRef = 8A539DC215ECEE6500A267B6 /* Credits.rtf */; };
		8A539DCA15ECEE6500A267B6 /* MainMenu.xib in Resources */ = {isa = PBXBuildFile; fileRef = 8A539DC815ECEE6500A267B6 /* MainMenu.xib */; };
		8A539DD015ED01B300A267B6 /* Foundation.framework in Frameworks */ = {isa = PBXBuildFile; fileRef = 8A539DB815ECEE6500A267B6 /* Foundation.framework */; };
		8A94993015F88BF000A0ABA7 /* ArangoToolbarMenu.m in Sources */ = {isa = PBXBuildFile; fileRef = 8A94992F15F88BF000A0ABA7 /* ArangoToolbarMenu.m */; };
		8A94993C15F8B9BF00A0ABA7 /* configurationModel.xcdatamodeld in Sources */ = {isa = PBXBuildFile; fileRef = 8A94993A15F8B9BF00A0ABA7 /* configurationModel.xcdatamodeld */; };
		8A949953160072B500A0ABA7 /* icon.icns in Resources */ = {isa = PBXBuildFile; fileRef = 8A949952160072B500A0ABA7 /* icon.icns */; };
		8A9499551600752100A0ABA7 /* IconGrey.png in Resources */ = {isa = PBXBuildFile; fileRef = 8A9499541600752100A0ABA7 /* IconGrey.png */; };
		8A94996A1607159C00A0ABA7 /* User.m in Sources */ = {isa = PBXBuildFile; fileRef = 8A9499691607159C00A0ABA7 /* User.m */; };
		8A94996F16071D3700A0ABA7 /* ArangoUserConfigView.xib in Resources */ = {isa = PBXBuildFile; fileRef = 8A94996D16071D3700A0ABA7 /* ArangoUserConfigView.xib */; };
		8A9499711607214A00A0ABA7 /* Logo.png in Resources */ = {isa = PBXBuildFile; fileRef = 8A9499701607214A00A0ABA7 /* Logo.png */; };
		8AF4A63C17438C9900447481 /* ArangoUpgradeInfoController.m in Sources */ = {isa = PBXBuildFile; fileRef = 8AF4A63A17438C9800447481 /* ArangoUpgradeInfoController.m */; };
		8AF4A63E17438C9900447481 /* ArangoUpgradeInfoView.xib in Resources */ = {isa = PBXBuildFile; fileRef = 8AF4A63B17438C9800447481 /* ArangoUpgradeInfoView.xib */; };
/* End PBXBuildFile section */

/* Begin PBXCopyFilesBuildPhase section */
		2C15486B1894824A000F8950 /* CopyFiles */ = {
			isa = PBXCopyFilesBuildPhase;
			buildActionMask = 2147483647;
			dstPath = opt/arangodb;
			dstSubfolderSpec = 7;
			files = (
				2C1548701895081F000F8950 /* sbin in CopyFiles */,
				2C15486F18950812000F8950 /* bin in CopyFiles */,
				2C15486E1894829A000F8950 /* var in CopyFiles */,
				2C15486D18948287000F8950 /* share in CopyFiles */,
				2C15486C18948277000F8950 /* etc in CopyFiles */,
			);
			runOnlyForDeploymentPostprocessing = 0;
		};
		2C33CF421895335F00190F2D /* CopyFiles */ = {
			isa = PBXCopyFilesBuildPhase;
			buildActionMask = 2147483647;
			dstPath = bin;
			dstSubfolderSpec = 7;
			files = (
				2C33CF431895337700190F2D /* arango-dfdb in CopyFiles */,
				2C33CF441895337700190F2D /* arangob in CopyFiles */,
				2C33CF451895337700190F2D /* arangod in CopyFiles */,
				2C33CF461895337700190F2D /* arangodump in CopyFiles */,
				2C33CF471895337700190F2D /* arangoimp in CopyFiles */,
				2C33CF481895337700190F2D /* arangoirb in CopyFiles */,
				2C33CF491895337700190F2D /* arangorestore in CopyFiles */,
				2C33CF4A1895337700190F2D /* arangosh in CopyFiles */,
				2C33CF4B1895337700190F2D /* foxx-manager in CopyFiles */,
			);
			runOnlyForDeploymentPostprocessing = 0;
		};
		2C33CF4C1895342900190F2D /* CopyFiles */ = {
			isa = PBXCopyFilesBuildPhase;
			buildActionMask = 2147483647;
			dstPath = opt/arangodb;
			dstSubfolderSpec = 7;
			files = (
				2C33CF4D1895343A00190F2D /* bin in CopyFiles */,
				2C33CF4E1895343A00190F2D /* etc in CopyFiles */,
				2C33CF4F1895343A00190F2D /* sbin in CopyFiles */,
				2C33CF501895343A00190F2D /* share in CopyFiles */,
				2C33CF511895343A00190F2D /* var in CopyFiles */,
			);
			runOnlyForDeploymentPostprocessing = 0;
		};
		2C90639B18216CC5005D0DDF /* CopyFiles */ = {
			isa = PBXCopyFilesBuildPhase;
			buildActionMask = 12;
			dstPath = opt/arangodb;
			dstSubfolderSpec = 6;
			files = (
				2C79EDCF18358C7500DB4CD6 /* sbin in CopyFiles */,
			);
			runOnlyForDeploymentPostprocessing = 0;
		};
		2CA9A88A183578A0006D0322 /* CopyFiles */ = {
			isa = PBXCopyFilesBuildPhase;
			buildActionMask = 12;
			dstPath = opt/arangodb;
			dstSubfolderSpec = 6;
			files = (
				2C79EDD418358C9F00DB4CD6 /* sbin in CopyFiles */,
			);
			runOnlyForDeploymentPostprocessing = 0;
		};
		2CA9A89618357A60006D0322 /* CopyFiles */ = {
			isa = PBXCopyFilesBuildPhase;
			buildActionMask = 12;
			dstPath = bin;
			dstSubfolderSpec = 7;
			files = (
				2C1A33F8183586EE005DA0DE /* arango-dfdb in CopyFiles */,
				2C1A33F9183586EE005DA0DE /* arangob in CopyFiles */,
				2C1A33FA183586EE005DA0DE /* arangod in CopyFiles */,
				2C1A33FB183586EE005DA0DE /* arangodump in CopyFiles */,
				2C1A33FC183586EE005DA0DE /* arangoimp in CopyFiles */,
				2C1A33FD183586EE005DA0DE /* arangoirb in CopyFiles */,
				2C1A33FE183586EE005DA0DE /* arangorestore in CopyFiles */,
				2C1A33FF183586EE005DA0DE /* arangosh in CopyFiles */,
				2C1A3400183586EE005DA0DE /* foxx-manager in CopyFiles */,
			);
			runOnlyForDeploymentPostprocessing = 0;
		};
/* End PBXCopyFilesBuildPhase section */

/* Begin PBXFileReference section */
		2C14F371167D1C6E00D474D0 /* ArangoIntroductionController.m */ = {isa = PBXFileReference; fileEncoding = 4; lastKnownFileType = sourcecode.c.objc; path = ArangoIntroductionController.m; sourceTree = "<group>"; };
		2C14F372167D1C6E00D474D0 /* ArangoIntroductionController.h */ = {isa = PBXFileReference; fileEncoding = 4; lastKnownFileType = sourcecode.c.h; path = ArangoIntroductionController.h; sourceTree = "<group>"; };
		2C1A33E6183586D4005DA0DE /* arango-dfdb */ = {isa = PBXFileReference; fileEncoding = 4; lastKnownFileType = text.script.sh; name = "arango-dfdb"; path = "scripts/arango-dfdb"; sourceTree = "<group>"; };
		2C1A33E7183586D4005DA0DE /* arangob */ = {isa = PBXFileReference; fileEncoding = 4; lastKnownFileType = text.script.sh; name = arangob; path = scripts/arangob; sourceTree = "<group>"; };
		2C1A33E8183586D4005DA0DE /* arangod */ = {isa = PBXFileReference; fileEncoding = 4; lastKnownFileType = text.script.sh; name = arangod; path = scripts/arangod; sourceTree = "<group>"; };
		2C1A33E9183586D4005DA0DE /* arangodump */ = {isa = PBXFileReference; fileEncoding = 4; lastKnownFileType = text.script.sh; name = arangodump; path = scripts/arangodump; sourceTree = "<group>"; };
		2C1A33EA183586D4005DA0DE /* arangoimp */ = {isa = PBXFileReference; fileEncoding = 4; lastKnownFileType = text.script.sh; name = arangoimp; path = scripts/arangoimp; sourceTree = "<group>"; };
		2C1A33EB183586D4005DA0DE /* arangoirb */ = {isa = PBXFileReference; fileEncoding = 4; lastKnownFileType = text.script.sh; name = arangoirb; path = scripts/arangoirb; sourceTree = "<group>"; };
		2C1A33EC183586D4005DA0DE /* arangorestore */ = {isa = PBXFileReference; fileEncoding = 4; lastKnownFileType = text.script.sh; name = arangorestore; path = scripts/arangorestore; sourceTree = "<group>"; };
		2C1A33ED183586D4005DA0DE /* arangosh */ = {isa = PBXFileReference; fileEncoding = 4; lastKnownFileType = text.script.sh; name = arangosh; path = scripts/arangosh; sourceTree = "<group>"; };
		2C1A33EE183586D4005DA0DE /* foxx-manager */ = {isa = PBXFileReference; fileEncoding = 4; lastKnownFileType = text.script.sh; name = "foxx-manager"; path = "scripts/foxx-manager"; sourceTree = "<group>"; };
		2C21DBDF1680C65800728A04 /* ArangoAppDelegate.h */ = {isa = PBXFileReference; fileEncoding = 4; lastKnownFileType = sourcecode.c.h; path = ArangoAppDelegate.h; sourceTree = "<group>"; };
		2C21DBE01680C65800728A04 /* ArangoAppDelegate.m */ = {isa = PBXFileReference; fileEncoding = 4; lastKnownFileType = sourcecode.c.objc; path = ArangoAppDelegate.m; sourceTree = "<group>"; };
		2C29AF101668F97800036073 /* ArangoIntroductionView.xib */ = {isa = PBXFileReference; fileEncoding = 4; lastKnownFileType = file.xib; path = ArangoIntroductionView.xib; sourceTree = "<group>"; };
		2C29AF151668FA1700036073 /* ArangoHelpController.h */ = {isa = PBXFileReference; fileEncoding = 4; lastKnownFileType = sourcecode.c.h; path = ArangoHelpController.h; sourceTree = "<group>"; };
		2C29AF161668FA2100036073 /* ArangoHelpController.m */ = {isa = PBXFileReference; fileEncoding = 4; lastKnownFileType = sourcecode.c.objc; path = ArangoHelpController.m; sourceTree = "<group>"; };
		2C3B9461183398F4009BBBF4 /* arangod.entitlements */ = {isa = PBXFileReference; fileEncoding = 4; lastKnownFileType = text.xml; path = arangod.entitlements; sourceTree = "<group>"; };
		2C76DAB8167A26D200505954 /* ArangoHelpView.xib */ = {isa = PBXFileReference; fileEncoding = 4; lastKnownFileType = file.xib; path = ArangoHelpView.xib; sourceTree = "<group>"; };
		2C76DABD167A3BC800505954 /* ArangoUserConfigController.m */ = {isa = PBXFileReference; fileEncoding = 4; lastKnownFileType = sourcecode.c.objc; path = ArangoUserConfigController.m; sourceTree = "<group>"; };
		2C79EDC418358C6000DB4CD6 /* bin */ = {isa = PBXFileReference; lastKnownFileType = folder; name = bin; path = build/opt/arangodb/bin; sourceTree = "<group>"; };
		2C79EDC518358C6000DB4CD6 /* etc */ = {isa = PBXFileReference; lastKnownFileType = folder; name = etc; path = build/opt/arangodb/etc; sourceTree = "<group>"; };
		2C79EDC618358C6000DB4CD6 /* sbin */ = {isa = PBXFileReference; lastKnownFileType = folder; name = sbin; path = build/opt/arangodb/sbin; sourceTree = "<group>"; };
		2C79EDC718358C6000DB4CD6 /* share */ = {isa = PBXFileReference; lastKnownFileType = folder; name = share; path = build/opt/arangodb/share; sourceTree = "<group>"; };
		2C79EDC818358C6000DB4CD6 /* var */ = {isa = PBXFileReference; lastKnownFileType = folder; name = var; path = build/opt/arangodb/var; sourceTree = "<group>"; };
		2C856979167B6F79005FECCE /* ArangoInstanceController.h */ = {isa = PBXFileReference; fileEncoding = 4; lastKnownFileType = sourcecode.c.h; path = ArangoInstanceController.h; sourceTree = "<group>"; };
		2C91EB8E1673A2F10007EFC0 /* ArangoBaseController.h */ = {isa = PBXFileReference; fileEncoding = 4; lastKnownFileType = sourcecode.c.h; path = ArangoBaseController.h; sourceTree = "<group>"; };
		2C91EB8F1673A2F10007EFC0 /* ArangoBaseController.m */ = {isa = PBXFileReference; fileEncoding = 4; lastKnownFileType = sourcecode.c.objc; path = ArangoBaseController.m; sourceTree = "<group>"; };
		2C91EB951673A4910007EFC0 /* ArangoManager.h */ = {isa = PBXFileReference; fileEncoding = 4; lastKnownFileType = sourcecode.c.h; path = ArangoManager.h; sourceTree = "<group>"; };
		2C91EB961673A4910007EFC0 /* ArangoManager.m */ = {isa = PBXFileReference; fileEncoding = 4; lastKnownFileType = sourcecode.c.objc; path = ArangoManager.m; sourceTree = "<group>"; };
		2CA9A893183578A0006D0322 /* ArangoDB.app */ = {isa = PBXFileReference; explicitFileType = wrapper.application; includeInIndex = 0; path = ArangoDB.app; sourceTree = BUILT_PRODUCTS_DIR; };
		2CE3578F167777C200F2EA64 /* ArangoStatus.h */ = {isa = PBXFileReference; fileEncoding = 4; lastKnownFileType = sourcecode.c.h; path = ArangoStatus.h; sourceTree = "<group>"; };
		2CE35790167777C200F2EA64 /* ArangoStatus.m */ = {isa = PBXFileReference; fileEncoding = 4; lastKnownFileType = sourcecode.c.objc; path = ArangoStatus.m; sourceTree = "<group>"; };
		8A293B4E15F5FD1A008959B1 /* IconColor.png */ = {isa = PBXFileReference; lastKnownFileType = image.png; path = IconColor.png; sourceTree = "<group>"; };
		8A293B5A15F64C27008959B1 /* ArangoInstanceController.m */ = {isa = PBXFileReference; fileEncoding = 4; lastKnownFileType = sourcecode.c.objc; path = ArangoInstanceController.m; sourceTree = "<group>"; };
		8A293B5B15F64C27008959B1 /* ArangoNewInstanceView.xib */ = {isa = PBXFileReference; fileEncoding = 4; lastKnownFileType = file.xib; path = ArangoNewInstanceView.xib; sourceTree = "<group>"; };
		8A4E6377160C5EB70001D66F /* ArangoDB-Info.plist */ = {isa = PBXFileReference; lastKnownFileType = text.plist.xml; path = "ArangoDB-Info.plist"; sourceTree = "<group>"; };
		8A4E6378160C720A0001D66F /* ArangoDB.entitlements */ = {isa = PBXFileReference; lastKnownFileType = text.xml; path = ArangoDB.entitlements; sourceTree = "<group>"; };
		8A4E637F160C85380001D66F /* ArangoConfiguration.h */ = {isa = PBXFileReference; fileEncoding = 4; lastKnownFileType = sourcecode.c.h; name = ArangoConfiguration.h; path = Configuration/ArangoConfiguration.h; sourceTree = "<group>"; };
		8A4E6380160C85380001D66F /* ArangoConfiguration.m */ = {isa = PBXFileReference; fileEncoding = 4; lastKnownFileType = sourcecode.c.objc; name = ArangoConfiguration.m; path = Configuration/ArangoConfiguration.m; sourceTree = "<group>"; };
		8A4E638B160CA9D30001D66F /* Bookmarks.h */ = {isa = PBXFileReference; fileEncoding = 4; lastKnownFileType = sourcecode.c.h; name = Bookmarks.h; path = Configuration/Bookmarks.h; sourceTree = "<group>"; };
		8A4E638C160CA9D30001D66F /* Bookmarks.m */ = {isa = PBXFileReference; fileEncoding = 4; lastKnownFileType = sourcecode.c.objc; name = Bookmarks.m; path = Configuration/Bookmarks.m; sourceTree = "<group>"; };
		8A539DAF15ECEE6500A267B6 /* ArangoDB.app */ = {isa = PBXFileReference; explicitFileType = wrapper.application; includeInIndex = 0; path = ArangoDB.app; sourceTree = BUILT_PRODUCTS_DIR; };
		8A539DB315ECEE6500A267B6 /* Cocoa.framework */ = {isa = PBXFileReference; lastKnownFileType = wrapper.framework; name = Cocoa.framework; path = System/Library/Frameworks/Cocoa.framework; sourceTree = SDKROOT; };
		8A539DB615ECEE6500A267B6 /* AppKit.framework */ = {isa = PBXFileReference; lastKnownFileType = wrapper.framework; name = AppKit.framework; path = System/Library/Frameworks/AppKit.framework; sourceTree = SDKROOT; };
		8A539DB715ECEE6500A267B6 /* CoreData.framework */ = {isa = PBXFileReference; lastKnownFileType = wrapper.framework; name = CoreData.framework; path = System/Library/Frameworks/CoreData.framework; sourceTree = SDKROOT; };
		8A539DB815ECEE6500A267B6 /* Foundation.framework */ = {isa = PBXFileReference; lastKnownFileType = wrapper.framework; name = Foundation.framework; path = System/Library/Frameworks/Foundation.framework; sourceTree = SDKROOT; };
		8A539DBD15ECEE6500A267B6 /* en */ = {isa = PBXFileReference; lastKnownFileType = text.plist.strings; name = en; path = en.lproj/InfoPlist.strings; sourceTree = "<group>"; };
		8A539DBF15ECEE6500A267B6 /* main.m */ = {isa = PBXFileReference; lastKnownFileType = sourcecode.c.objc; path = main.m; sourceTree = "<group>"; };
		8A539DC115ECEE6500A267B6 /* Arango-Prefix.pch */ = {isa = PBXFileReference; lastKnownFileType = sourcecode.c.h; path = "Arango-Prefix.pch"; sourceTree = "<group>"; };
		8A539DC315ECEE6500A267B6 /* en */ = {isa = PBXFileReference; lastKnownFileType = text.rtf; name = en; path = en.lproj/Credits.rtf; sourceTree = "<group>"; };
		8A539DC915ECEE6500A267B6 /* en */ = {isa = PBXFileReference; lastKnownFileType = file.xib; name = en; path = en.lproj/MainMenu.xib; sourceTree = "<group>"; };
		8A94992E15F88BF000A0ABA7 /* ArangoToolbarMenu.h */ = {isa = PBXFileReference; fileEncoding = 4; lastKnownFileType = sourcecode.c.h; path = ArangoToolbarMenu.h; sourceTree = "<group>"; };
		8A94992F15F88BF000A0ABA7 /* ArangoToolbarMenu.m */ = {isa = PBXFileReference; fileEncoding = 4; lastKnownFileType = sourcecode.c.objc; path = ArangoToolbarMenu.m; sourceTree = "<group>"; };
		8A94993B15F8B9BF00A0ABA7 /* configurationModel.xcdatamodel */ = {isa = PBXFileReference; lastKnownFileType = wrapper.xcdatamodel; path = configurationModel.xcdatamodel; sourceTree = "<group>"; };
		8A949952160072B500A0ABA7 /* icon.icns */ = {isa = PBXFileReference; lastKnownFileType = image.icns; path = icon.icns; sourceTree = "<group>"; };
		8A9499541600752100A0ABA7 /* IconGrey.png */ = {isa = PBXFileReference; lastKnownFileType = image.png; path = IconGrey.png; sourceTree = "<group>"; };
		8A9499681607159B00A0ABA7 /* User.h */ = {isa = PBXFileReference; fileEncoding = 4; lastKnownFileType = sourcecode.c.h; name = User.h; path = Configuration/User.h; sourceTree = "<group>"; };
		8A9499691607159C00A0ABA7 /* User.m */ = {isa = PBXFileReference; fileEncoding = 4; lastKnownFileType = sourcecode.c.objc; name = User.m; path = Configuration/User.m; sourceTree = "<group>"; };
		8A94996B16071D3700A0ABA7 /* ArangoUserConfigController.h */ = {isa = PBXFileReference; fileEncoding = 4; lastKnownFileType = sourcecode.c.h; path = ArangoUserConfigController.h; sourceTree = "<group>"; };
		8A94996D16071D3700A0ABA7 /* ArangoUserConfigView.xib */ = {isa = PBXFileReference; fileEncoding = 4; lastKnownFileType = file.xib; path = ArangoUserConfigView.xib; sourceTree = "<group>"; };
		8A9499701607214A00A0ABA7 /* Logo.png */ = {isa = PBXFileReference; lastKnownFileType = image.png; path = Logo.png; sourceTree = "<group>"; };
		8AF4A63917438C9700447481 /* ArangoUpgradeInfoController.h */ = {isa = PBXFileReference; fileEncoding = 4; lastKnownFileType = sourcecode.c.h; path = ArangoUpgradeInfoController.h; sourceTree = "<group>"; };
		8AF4A63A17438C9800447481 /* ArangoUpgradeInfoController.m */ = {isa = PBXFileReference; fileEncoding = 4; lastKnownFileType = sourcecode.c.objc; path = ArangoUpgradeInfoController.m; sourceTree = "<group>"; };
		8AF4A63B17438C9800447481 /* ArangoUpgradeInfoView.xib */ = {isa = PBXFileReference; fileEncoding = 4; lastKnownFileType = file.xib; name = ArangoUpgradeInfoView.xib; path = ../Source/ArangoUpgradeInfoView.xib; sourceTree = "<group>"; };
/* End PBXFileReference section */

/* Begin PBXFrameworksBuildPhase section */
		2CA9A879183578A0006D0322 /* Frameworks */ = {
			isa = PBXFrameworksBuildPhase;
			buildActionMask = 2147483647;
			files = (
				2CA9A87A183578A0006D0322 /* Foundation.framework in Frameworks */,
				2CA9A87B183578A0006D0322 /* Cocoa.framework in Frameworks */,
			);
			runOnlyForDeploymentPostprocessing = 0;
		};
		8A539DAC15ECEE6500A267B6 /* Frameworks */ = {
			isa = PBXFrameworksBuildPhase;
			buildActionMask = 2147483647;
			files = (
				8A539DD015ED01B300A267B6 /* Foundation.framework in Frameworks */,
				8A539DB415ECEE6500A267B6 /* Cocoa.framework in Frameworks */,
			);
			runOnlyForDeploymentPostprocessing = 0;
		};
/* End PBXFrameworksBuildPhase section */

/* Begin PBXGroup section */
		2C1A33E5183586C4005DA0DE /* scripts */ = {
			isa = PBXGroup;
			children = (
				2C1A33E6183586D4005DA0DE /* arango-dfdb */,
				2C1A33E7183586D4005DA0DE /* arangob */,
				2C1A33E8183586D4005DA0DE /* arangod */,
				2C1A33E9183586D4005DA0DE /* arangodump */,
				2C1A33EA183586D4005DA0DE /* arangoimp */,
				2C1A33EB183586D4005DA0DE /* arangoirb */,
				2C1A33EC183586D4005DA0DE /* arangorestore */,
				2C1A33ED183586D4005DA0DE /* arangosh */,
				2C1A33EE183586D4005DA0DE /* foxx-manager */,
			);
			name = scripts;
			sourceTree = "<group>";
		};
		2C29AF091668E86C00036073 /* PropertyLists */ = {
			isa = PBXGroup;
			children = (
				8A4E6377160C5EB70001D66F /* ArangoDB-Info.plist */,
			);
			path = PropertyLists;
			sourceTree = "<group>";
		};
		2C29AF0E1668F0BD00036073 /* Source */ = {
			isa = PBXGroup;
			children = (
				8AF4A63917438C9700447481 /* ArangoUpgradeInfoController.h */,
				8AF4A63A17438C9800447481 /* ArangoUpgradeInfoController.m */,
				2C21DBDF1680C65800728A04 /* ArangoAppDelegate.h */,
				2C21DBE01680C65800728A04 /* ArangoAppDelegate.m */,
				2C14F371167D1C6E00D474D0 /* ArangoIntroductionController.m */,
				2C14F372167D1C6E00D474D0 /* ArangoIntroductionController.h */,
				2C91EB8E1673A2F10007EFC0 /* ArangoBaseController.h */,
				2C91EB8F1673A2F10007EFC0 /* ArangoBaseController.m */,
				2C29AF151668FA1700036073 /* ArangoHelpController.h */,
				2C29AF161668FA2100036073 /* ArangoHelpController.m */,
				2C91EB951673A4910007EFC0 /* ArangoManager.h */,
				2C91EB961673A4910007EFC0 /* ArangoManager.m */,
				2C856979167B6F79005FECCE /* ArangoInstanceController.h */,
				8A293B5A15F64C27008959B1 /* ArangoInstanceController.m */,
				2CE3578F167777C200F2EA64 /* ArangoStatus.h */,
				2CE35790167777C200F2EA64 /* ArangoStatus.m */,
				8A94992E15F88BF000A0ABA7 /* ArangoToolbarMenu.h */,
				8A94992F15F88BF000A0ABA7 /* ArangoToolbarMenu.m */,
				8A94996B16071D3700A0ABA7 /* ArangoUserConfigController.h */,
				2C76DABD167A3BC800505954 /* ArangoUserConfigController.m */,
				8A539DBF15ECEE6500A267B6 /* main.m */,
			);
			path = Source;
			sourceTree = "<group>";
		};
		2C29AF0F1668F24100036073 /* Configuration */ = {
			isa = PBXGroup;
			children = (
				8A94993A15F8B9BF00A0ABA7 /* configurationModel.xcdatamodeld */,
				8A4E637F160C85380001D66F /* ArangoConfiguration.h */,
				8A4E6380160C85380001D66F /* ArangoConfiguration.m */,
				8A4E638B160CA9D30001D66F /* Bookmarks.h */,
				8A4E638C160CA9D30001D66F /* Bookmarks.m */,
				8A9499681607159B00A0ABA7 /* User.h */,
				8A9499691607159C00A0ABA7 /* User.m */,
			);
			name = Configuration;
			sourceTree = "<group>";
		};
		2C8D03C11833F7720037755E /* opt */ = {
			isa = PBXGroup;
			children = (
				2C8D03C21833F79E0037755E /* arangodb */,
			);
			name = opt;
			sourceTree = "<group>";
		};
		2C8D03C21833F79E0037755E /* arangodb */ = {
			isa = PBXGroup;
			children = (
				2C79EDC418358C6000DB4CD6 /* bin */,
				2C79EDC518358C6000DB4CD6 /* etc */,
				2C79EDC618358C6000DB4CD6 /* sbin */,
				2C79EDC718358C6000DB4CD6 /* share */,
				2C79EDC818358C6000DB4CD6 /* var */,
			);
			name = arangodb;
			sourceTree = "<group>";
		};
		8A293B4B15F5F82A008959B1 /* Images */ = {
			isa = PBXGroup;
			children = (
				8A9499701607214A00A0ABA7 /* Logo.png */,
				8A293B4E15F5FD1A008959B1 /* IconColor.png */,
				8A9499541600752100A0ABA7 /* IconGrey.png */,
				8A949952160072B500A0ABA7 /* icon.icns */,
			);
			path = Images;
			sourceTree = "<group>";
		};
		8A539DA415ECEE6500A267B6 = {
			isa = PBXGroup;
			children = (
				8A539DB915ECEE6500A267B6 /* ArangoDBApp */,
				2C8D03C11833F7720037755E /* opt */,
				2C1A33E5183586C4005DA0DE /* scripts */,
				8A539DB215ECEE6500A267B6 /* Frameworks */,
				8A539DB015ECEE6500A267B6 /* Products */,
			);
			sourceTree = "<group>";
		};
		8A539DB015ECEE6500A267B6 /* Products */ = {
			isa = PBXGroup;
			children = (
				8A539DAF15ECEE6500A267B6 /* ArangoDB.app */,
				2CA9A893183578A0006D0322 /* ArangoDB.app */,
			);
			name = Products;
			sourceTree = "<group>";
		};
		8A539DB215ECEE6500A267B6 /* Frameworks */ = {
			isa = PBXGroup;
			children = (
				8A539DB315ECEE6500A267B6 /* Cocoa.framework */,
				8A539DB515ECEE6500A267B6 /* Other Frameworks */,
			);
			name = Frameworks;
			sourceTree = "<group>";
		};
		8A539DB515ECEE6500A267B6 /* Other Frameworks */ = {
			isa = PBXGroup;
			children = (
				8A539DB615ECEE6500A267B6 /* AppKit.framework */,
				8A539DB715ECEE6500A267B6 /* CoreData.framework */,
				8A539DB815ECEE6500A267B6 /* Foundation.framework */,
			);
			name = "Other Frameworks";
			sourceTree = "<group>";
		};
		8A539DB915ECEE6500A267B6 /* ArangoDBApp */ = {
			isa = PBXGroup;
			children = (
				2C3B9461183398F4009BBBF4 /* arangod.entitlements */,
				8A293B4B15F5F82A008959B1 /* Images */,
				8A4E6378160C720A0001D66F /* ArangoDB.entitlements */,
				2C29AF0F1668F24100036073 /* Configuration */,
				8A9499DE1609F3CE00A0ABA7 /* Interfaces */,
				2C29AF091668E86C00036073 /* PropertyLists */,
				2C29AF0E1668F0BD00036073 /* Source */,
				8A539DBA15ECEE6500A267B6 /* Supporting Files */,
			);
			path = ArangoDBApp;
			sourceTree = "<group>";
		};
		8A539DBA15ECEE6500A267B6 /* Supporting Files */ = {
			isa = PBXGroup;
			children = (
				8A539DC115ECEE6500A267B6 /* Arango-Prefix.pch */,
				8A539DC215ECEE6500A267B6 /* Credits.rtf */,
				8A539DBC15ECEE6500A267B6 /* InfoPlist.strings */,
			);
			name = "Supporting Files";
			sourceTree = "<group>";
		};
		8A9499DE1609F3CE00A0ABA7 /* Interfaces */ = {
			isa = PBXGroup;
			children = (
				8AF4A63B17438C9800447481 /* ArangoUpgradeInfoView.xib */,
				8A293B5B15F64C27008959B1 /* ArangoNewInstanceView.xib */,
				2C76DAB8167A26D200505954 /* ArangoHelpView.xib */,
				2C29AF101668F97800036073 /* ArangoIntroductionView.xib */,
				8A94996D16071D3700A0ABA7 /* ArangoUserConfigView.xib */,
				8A539DC815ECEE6500A267B6 /* MainMenu.xib */,
			);
			path = Interfaces;
			sourceTree = "<group>";
		};
/* End PBXGroup section */

/* Begin PBXNativeTarget section */
		2CA9A868183578A0006D0322 /* Standalone */ = {
			isa = PBXNativeTarget;
			buildConfigurationList = 2CA9A890183578A0006D0322 /* Build configuration list for PBXNativeTarget "Standalone" */;
			buildPhases = (
				2CA9A869183578A0006D0322 /* Sources */,
				2CA9A879183578A0006D0322 /* Frameworks */,
				2CA9A87C183578A0006D0322 /* Resources */,
				2CA9A88A183578A0006D0322 /* CopyFiles */,
				2CA9A89618357A60006D0322 /* CopyFiles */,
				2C15486B1894824A000F8950 /* CopyFiles */,
				2CA9A88F183578A0006D0322 /* Run Script */,
			);
			buildRules = (
			);
			dependencies = (
			);
			name = Standalone;
			productName = Arango;
			productReference = 2CA9A893183578A0006D0322 /* ArangoDB.app */;
			productType = "com.apple.product-type.application";
		};
		8A539DAE15ECEE6500A267B6 /* AppStore */ = {
			isa = PBXNativeTarget;
			buildConfigurationList = 8A539DCD15ECEE6500A267B6 /* Build configuration list for PBXNativeTarget "AppStore" */;
			buildPhases = (
				8A539DAB15ECEE6500A267B6 /* Sources */,
				8A539DAC15ECEE6500A267B6 /* Frameworks */,
				8A539DAD15ECEE6500A267B6 /* Resources */,
				2C90639B18216CC5005D0DDF /* CopyFiles */,
				2C33CF421895335F00190F2D /* CopyFiles */,
				2C33CF4C1895342900190F2D /* CopyFiles */,
				2C21DBF11682727F00728A04 /* ShellScript */,
			);
			buildRules = (
			);
			dependencies = (
			);
			name = AppStore;
			productName = Arango;
			productReference = 8A539DAF15ECEE6500A267B6 /* ArangoDB.app */;
			productType = "com.apple.product-type.application";
		};
/* End PBXNativeTarget section */

/* Begin PBXProject section */
		8A539DA615ECEE6500A267B6 /* Project object */ = {
			isa = PBXProject;
			attributes = {
				CLASSPREFIX = arango;
				LastUpgradeCheck = 0500;
				ORGANIZATIONNAME = triAgens;
				TargetAttributes = {
					2CA9A868183578A0006D0322 = {
						DevelopmentTeam = VV6QAXP22C;
					};
					8A539DAE15ECEE6500A267B6 = {
						DevelopmentTeam = VV6QAXP22C;
					};
				};
			};
			buildConfigurationList = 8A539DA915ECEE6500A267B6 /* Build configuration list for PBXProject "ArangoDB" */;
			compatibilityVersion = "Xcode 3.2";
			developmentRegion = English;
			hasScannedForEncodings = 0;
			knownRegions = (
				en,
			);
			mainGroup = 8A539DA415ECEE6500A267B6;
			productRefGroup = 8A539DB015ECEE6500A267B6 /* Products */;
			projectDirPath = "";
			projectRoot = "";
			targets = (
				8A539DAE15ECEE6500A267B6 /* AppStore */,
				2CA9A868183578A0006D0322 /* Standalone */,
			);
		};
/* End PBXProject section */

/* Begin PBXResourcesBuildPhase section */
		2CA9A87C183578A0006D0322 /* Resources */ = {
			isa = PBXResourcesBuildPhase;
			buildActionMask = 2147483647;
			files = (
				2CA9A87D183578A0006D0322 /* InfoPlist.strings in Resources */,
				2CA9A87E183578A0006D0322 /* Credits.rtf in Resources */,
				2CA9A87F183578A0006D0322 /* ArangoHelpView.xib in Resources */,
				2CA9A880183578A0006D0322 /* ArangoIntroductionView.xib in Resources */,
				2CA9A881183578A0006D0322 /* ArangoUserConfigView.xib in Resources */,
				2CA9A882183578A0006D0322 /* ArangoNewInstanceView.xib in Resources */,
				2CA9A883183578A0006D0322 /* MainMenu.xib in Resources */,
				2CA9A884183578A0006D0322 /* icon.icns in Resources */,
				2CA9A885183578A0006D0322 /* IconColor.png in Resources */,
				2CA9A886183578A0006D0322 /* IconGrey.png in Resources */,
				2CA9A887183578A0006D0322 /* arangod.entitlements in Resources */,
				2CA9A888183578A0006D0322 /* Logo.png in Resources */,
				2CA9A889183578A0006D0322 /* ArangoUpgradeInfoView.xib in Resources */,
			);
			runOnlyForDeploymentPostprocessing = 0;
		};
		8A539DAD15ECEE6500A267B6 /* Resources */ = {
			isa = PBXResourcesBuildPhase;
			buildActionMask = 2147483647;
			files = (
				2C79EDCD18358C6000DB4CD6 /* var in Resources */,
				2C1A33F0183586D4005DA0DE /* arangob in Resources */,
				8A539DBE15ECEE6500A267B6 /* InfoPlist.strings in Resources */,
				2C79EDC918358C6000DB4CD6 /* bin in Resources */,
				8A539DC415ECEE6500A267B6 /* Credits.rtf in Resources */,
				2C79EDCB18358C6000DB4CD6 /* sbin in Resources */,
				2C1A33F1183586D4005DA0DE /* arangod in Resources */,
				2C76DAB9167A26D200505954 /* ArangoHelpView.xib in Resources */,
				2C1A33F5183586D4005DA0DE /* arangorestore in Resources */,
				2C29AF111668F97800036073 /* ArangoIntroductionView.xib in Resources */,
				2C1A33F6183586D4005DA0DE /* arangosh in Resources */,
				8A94996F16071D3700A0ABA7 /* ArangoUserConfigView.xib in Resources */,
				8A293B5D15F64C28008959B1 /* ArangoNewInstanceView.xib in Resources */,
				8A539DCA15ECEE6500A267B6 /* MainMenu.xib in Resources */,
				8A949953160072B500A0ABA7 /* icon.icns in Resources */,
				2C1A33EF183586D4005DA0DE /* arango-dfdb in Resources */,
				8A293B4F15F5FD1A008959B1 /* IconColor.png in Resources */,
				2C79EDCA18358C6000DB4CD6 /* etc in Resources */,
				8A9499551600752100A0ABA7 /* IconGrey.png in Resources */,
				2C1A33F3183586D4005DA0DE /* arangoimp in Resources */,
				2C1A33F2183586D4005DA0DE /* arangodump in Resources */,
				2C79EDCC18358C6000DB4CD6 /* share in Resources */,
				2C1A33F7183586D4005DA0DE /* foxx-manager in Resources */,
				2C3B9462183398F4009BBBF4 /* arangod.entitlements in Resources */,
				2C1A33F4183586D4005DA0DE /* arangoirb in Resources */,
				8A9499711607214A00A0ABA7 /* Logo.png in Resources */,
				8AF4A63E17438C9900447481 /* ArangoUpgradeInfoView.xib in Resources */,
			);
			runOnlyForDeploymentPostprocessing = 0;
		};
/* End PBXResourcesBuildPhase section */

/* Begin PBXShellScriptBuildPhase section */
		2C21DBF11682727F00728A04 /* ShellScript */ = {
			isa = PBXShellScriptBuildPhase;
			buildActionMask = 2147483647;
			files = (
			);
			inputPaths = (
			);
			outputPaths = (
			);
			runOnlyForDeploymentPostprocessing = 0;
			shellPath = /bin/sh;
			shellScript = "codesign --entitlements \"${SOURCE_ROOT}/ArangoDBApp/arangod.entitlements\" -f -v -s \"${CODE_SIGN_IDENTITY}\" \"${TARGET_BUILD_DIR}/${EXECUTABLE_FOLDER_PATH}/opt/arangodb/sbin/arangod\"\n";
		};
		2CA9A88F183578A0006D0322 /* Run Script */ = {
			isa = PBXShellScriptBuildPhase;
			buildActionMask = 2147483647;
			files = (
			);
			inputPaths = (
			);
			name = "Run Script";
			outputPaths = (
			);
			runOnlyForDeploymentPostprocessing = 0;
			shellPath = /bin/sh;
			shellScript = "for i in `find ${TARGET_BUILD_DIR}/${EXECUTABLE_FOLDER_PATH}/opt -type f`; do echo $i; codesign --entitlements \"${SOURCE_ROOT}/ArangoDBApp/arangod.entitlements\" -f -v -s \"${CODE_SIGN_IDENTITY}\" $i; done";
		};
/* End PBXShellScriptBuildPhase section */

/* Begin PBXSourcesBuildPhase section */
		2CA9A869183578A0006D0322 /* Sources */ = {
			isa = PBXSourcesBuildPhase;
			buildActionMask = 2147483647;
			files = (
				2CA9A86A183578A0006D0322 /* main.m in Sources */,
				2CA9A86B183578A0006D0322 /* ArangoInstanceController.m in Sources */,
				2CA9A86C183578A0006D0322 /* ArangoToolbarMenu.m in Sources */,
				2CA9A86D183578A0006D0322 /* configurationModel.xcdatamodeld in Sources */,
				2CA9A86E183578A0006D0322 /* User.m in Sources */,
				2CA9A86F183578A0006D0322 /* ArangoConfiguration.m in Sources */,
				2CA9A870183578A0006D0322 /* Bookmarks.m in Sources */,
				2CA9A871183578A0006D0322 /* ArangoHelpController.m in Sources */,
				2CA9A872183578A0006D0322 /* ArangoBaseController.m in Sources */,
				2CA9A873183578A0006D0322 /* ArangoManager.m in Sources */,
				2CA9A874183578A0006D0322 /* ArangoStatus.m in Sources */,
				2CA9A875183578A0006D0322 /* ArangoUserConfigController.m in Sources */,
				2CA9A876183578A0006D0322 /* ArangoIntroductionController.m in Sources */,
				2CA9A877183578A0006D0322 /* ArangoAppDelegate.m in Sources */,
				2CA9A878183578A0006D0322 /* ArangoUpgradeInfoController.m in Sources */,
			);
			runOnlyForDeploymentPostprocessing = 0;
		};
		8A539DAB15ECEE6500A267B6 /* Sources */ = {
			isa = PBXSourcesBuildPhase;
			buildActionMask = 2147483647;
			files = (
				8A539DC015ECEE6500A267B6 /* main.m in Sources */,
				8A293B5C15F64C28008959B1 /* ArangoInstanceController.m in Sources */,
				8A94993015F88BF000A0ABA7 /* ArangoToolbarMenu.m in Sources */,
				8A94993C15F8B9BF00A0ABA7 /* configurationModel.xcdatamodeld in Sources */,
				8A94996A1607159C00A0ABA7 /* User.m in Sources */,
				8A4E6381160C85380001D66F /* ArangoConfiguration.m in Sources */,
				8A4E638D160CA9D30001D66F /* Bookmarks.m in Sources */,
				2C29AF171668FA2100036073 /* ArangoHelpController.m in Sources */,
				2C91EB901673A2F10007EFC0 /* ArangoBaseController.m in Sources */,
				2C91EB971673A4910007EFC0 /* ArangoManager.m in Sources */,
				2CE35791167777C200F2EA64 /* ArangoStatus.m in Sources */,
				2C76DABE167A3BC900505954 /* ArangoUserConfigController.m in Sources */,
				2C14F374167D1C7000D474D0 /* ArangoIntroductionController.m in Sources */,
				2C21DBE11680C65800728A04 /* ArangoAppDelegate.m in Sources */,
				8AF4A63C17438C9900447481 /* ArangoUpgradeInfoController.m in Sources */,
			);
			runOnlyForDeploymentPostprocessing = 0;
		};
/* End PBXSourcesBuildPhase section */

/* Begin PBXVariantGroup section */
		8A539DBC15ECEE6500A267B6 /* InfoPlist.strings */ = {
			isa = PBXVariantGroup;
			children = (
				8A539DBD15ECEE6500A267B6 /* en */,
			);
			name = InfoPlist.strings;
			sourceTree = "<group>";
		};
		8A539DC215ECEE6500A267B6 /* Credits.rtf */ = {
			isa = PBXVariantGroup;
			children = (
				8A539DC315ECEE6500A267B6 /* en */,
			);
			name = Credits.rtf;
			sourceTree = "<group>";
		};
		8A539DC815ECEE6500A267B6 /* MainMenu.xib */ = {
			isa = PBXVariantGroup;
			children = (
				8A539DC915ECEE6500A267B6 /* en */,
			);
			name = MainMenu.xib;
			path = ArangoDBApp;
			sourceTree = SOURCE_ROOT;
		};
/* End PBXVariantGroup section */

/* Begin XCBuildConfiguration section */
		2CA9A891183578A0006D0322 /* Debug */ = {
			isa = XCBuildConfiguration;
			buildSettings = {
				CODE_SIGN_ENTITLEMENTS = ArangoDBApp/ArangoDB.entitlements;
				CODE_SIGN_IDENTITY = "Mac Developer";
				"CODE_SIGN_IDENTITY[sdk=macosx*]" = "Mac Developer";
				COMBINE_HIDPI_IMAGES = YES;
				INFOPLIST_FILE = "ArangoDBApp/PropertyLists/ArangoDB-Info.plist";
				PRODUCT_NAME = ArangoDB;
				PROVISIONING_PROFILE = "";
				STRIP_INSTALLED_PRODUCT = YES;
			};
			name = Debug;
		};
		2CA9A892183578A0006D0322 /* Release */ = {
			isa = XCBuildConfiguration;
			buildSettings = {
				CODE_SIGN_ENTITLEMENTS = ArangoDBApp/ArangoDB.entitlements;
				CODE_SIGN_IDENTITY = "Mac Developer";
				"CODE_SIGN_IDENTITY[sdk=macosx*]" = "Mac Developer";
				COMBINE_HIDPI_IMAGES = YES;
				INFOPLIST_FILE = "ArangoDBApp/PropertyLists/ArangoDB-Info.plist";
				PRODUCT_NAME = ArangoDB;
				PROVISIONING_PROFILE = "";
				STRIP_INSTALLED_PRODUCT = YES;
			};
			name = Release;
		};
		8A539DCB15ECEE6500A267B6 /* Debug */ = {
			isa = XCBuildConfiguration;
			buildSettings = {
				ALWAYS_SEARCH_USER_PATHS = NO;
				CLANG_CXX_LANGUAGE_STANDARD = "gnu++0x";
				CLANG_ENABLE_OBJC_ARC = YES;
				CLANG_WARN__DUPLICATE_METHOD_MATCH = YES;
				CODE_SIGN_IDENTITY = "";
				COPY_PHASE_STRIP = YES;
				GCC_C_LANGUAGE_STANDARD = gnu99;
				GCC_DYNAMIC_NO_PIC = NO;
				GCC_ENABLE_OBJC_EXCEPTIONS = YES;
				GCC_OPTIMIZATION_LEVEL = 0;
				GCC_PRECOMPILE_PREFIX_HEADER = YES;
				GCC_PREFIX_HEADER = "ArangoDBApp/Arango-Prefix.pch";
				GCC_PREPROCESSOR_DEFINITIONS = (
					"DEBUG=1",
					"$(inherited)",
				);
				GCC_SYMBOLS_PRIVATE_EXTERN = NO;
				GCC_WARN_64_TO_32_BIT_CONVERSION = YES;
				GCC_WARN_ABOUT_RETURN_TYPE = YES;
				GCC_WARN_UNINITIALIZED_AUTOS = YES;
				GCC_WARN_UNUSED_VARIABLE = YES;
				INSTALL_PATH = /Applications;
				MACOSX_DEPLOYMENT_TARGET = 10.8;
				ONLY_ACTIVE_ARCH = YES;
				PRODUCT_NAME = ArangoDB;
				SDKROOT = macosx;
				WRAPPER_EXTENSION = app;
			};
			name = Debug;
		};
		8A539DCC15ECEE6500A267B6 /* Release */ = {
			isa = XCBuildConfiguration;
			buildSettings = {
				ALWAYS_SEARCH_USER_PATHS = NO;
				CLANG_CXX_LANGUAGE_STANDARD = "gnu++0x";
				CLANG_ENABLE_OBJC_ARC = YES;
				CLANG_WARN__DUPLICATE_METHOD_MATCH = YES;
				CODE_SIGN_IDENTITY = "";
				COPY_PHASE_STRIP = YES;
				DEBUG_INFORMATION_FORMAT = "dwarf-with-dsym";
				GCC_C_LANGUAGE_STANDARD = gnu99;
				GCC_ENABLE_OBJC_EXCEPTIONS = YES;
				GCC_PRECOMPILE_PREFIX_HEADER = YES;
				GCC_PREFIX_HEADER = "ArangoDBApp/Arango-Prefix.pch";
				GCC_WARN_64_TO_32_BIT_CONVERSION = YES;
				GCC_WARN_ABOUT_RETURN_TYPE = YES;
				GCC_WARN_UNINITIALIZED_AUTOS = YES;
				GCC_WARN_UNUSED_VARIABLE = YES;
				INSTALL_PATH = /Applications;
				MACOSX_DEPLOYMENT_TARGET = 10.8;
				ONLY_ACTIVE_ARCH = YES;
				PRODUCT_NAME = ArangoDB;
				SDKROOT = macosx;
				WRAPPER_EXTENSION = app;
			};
			name = Release;
		};
		8A539DCE15ECEE6500A267B6 /* Debug */ = {
			isa = XCBuildConfiguration;
			buildSettings = {
				CODE_SIGN_ENTITLEMENTS = ArangoDBApp/ArangoDB.entitlements;
				CODE_SIGN_IDENTITY = "Mac Developer";
				"CODE_SIGN_IDENTITY[sdk=macosx*]" = "Mac Developer";
				COMBINE_HIDPI_IMAGES = YES;
				INFOPLIST_FILE = "ArangoDBApp/PropertyLists/ArangoDB-Info.plist";
				PRODUCT_NAME = ArangoDB;
				PROVISIONING_PROFILE = "";
				STRIP_INSTALLED_PRODUCT = YES;
			};
			name = Debug;
		};
		8A539DCF15ECEE6500A267B6 /* Release */ = {
			isa = XCBuildConfiguration;
			buildSettings = {
				CODE_SIGN_ENTITLEMENTS = ArangoDBApp/ArangoDB.entitlements;
				CODE_SIGN_IDENTITY = "Mac Developer";
				"CODE_SIGN_IDENTITY[sdk=macosx*]" = "Mac Developer";
				COMBINE_HIDPI_IMAGES = YES;
				INFOPLIST_FILE = "ArangoDBApp/PropertyLists/ArangoDB-Info.plist";
				PRODUCT_NAME = ArangoDB;
				PROVISIONING_PROFILE = "";
				STRIP_INSTALLED_PRODUCT = YES;
			};
			name = Release;
		};
/* End XCBuildConfiguration section */

/* Begin XCConfigurationList section */
		2CA9A890183578A0006D0322 /* Build configuration list for PBXNativeTarget "Standalone" */ = {
			isa = XCConfigurationList;
			buildConfigurations = (
				2CA9A891183578A0006D0322 /* Debug */,
				2CA9A892183578A0006D0322 /* Release */,
			);
			defaultConfigurationIsVisible = 0;
			defaultConfigurationName = Release;
		};
		8A539DA915ECEE6500A267B6 /* Build configuration list for PBXProject "ArangoDB" */ = {
			isa = XCConfigurationList;
			buildConfigurations = (
				8A539DCB15ECEE6500A267B6 /* Debug */,
				8A539DCC15ECEE6500A267B6 /* Release */,
			);
			defaultConfigurationIsVisible = 0;
			defaultConfigurationName = Release;
		};
		8A539DCD15ECEE6500A267B6 /* Build configuration list for PBXNativeTarget "AppStore" */ = {
			isa = XCConfigurationList;
			buildConfigurations = (
				8A539DCE15ECEE6500A267B6 /* Debug */,
				8A539DCF15ECEE6500A267B6 /* Release */,
			);
			defaultConfigurationIsVisible = 0;
			defaultConfigurationName = Release;
		};
/* End XCConfigurationList section */

/* Begin XCVersionGroup section */
		8A94993A15F8B9BF00A0ABA7 /* configurationModel.xcdatamodeld */ = {
			isa = XCVersionGroup;
			children = (
				8A94993B15F8B9BF00A0ABA7 /* configurationModel.xcdatamodel */,
			);
			currentVersion = 8A94993B15F8B9BF00A0ABA7 /* configurationModel.xcdatamodel */;
			path = configurationModel.xcdatamodeld;
			sourceTree = "<group>";
			versionGroupType = wrapper.xcdatamodel;
		};
/* End XCVersionGroup section */
	};
	rootObject = 8A539DA615ECEE6500A267B6 /* Project object */;
}
